// !$*UTF8*$!
{
	archiveVersion = 1;
	classes = {
	};
	objectVersion = 50;
	objects = {

/* Begin PBXBuildFile section */
		452F456B22F627C6009E8210 /* HabitCategorySelectorController.swift in Sources */ = {isa = PBXBuildFile; fileRef = 452F456A22F627C6009E8210 /* HabitCategorySelectorController.swift */; };
		452F456D22F62D92009E8210 /* no-smoke.png in Resources */ = {isa = PBXBuildFile; fileRef = 452F456C22F62D92009E8210 /* no-smoke.png */; };
		452F457122F62E7B009E8210 /* update.png in Resources */ = {isa = PBXBuildFile; fileRef = 452F457022F62E7B009E8210 /* update.png */; };
		453FF90222EB503C00214532 /* AppDelegate.swift in Sources */ = {isa = PBXBuildFile; fileRef = 453FF90122EB503C00214532 /* AppDelegate.swift */; };
		453FF90422EB503C00214532 /* ViewController.swift in Sources */ = {isa = PBXBuildFile; fileRef = 453FF90322EB503C00214532 /* ViewController.swift */; };
		453FF90A22EB503C00214532 /* HabitTracker.xcdatamodeld in Sources */ = {isa = PBXBuildFile; fileRef = 453FF90822EB503C00214532 /* HabitTracker.xcdatamodeld */; };
		453FF90C22EB503D00214532 /* Assets.xcassets in Resources */ = {isa = PBXBuildFile; fileRef = 453FF90B22EB503D00214532 /* Assets.xcassets */; };
		453FF90F22EB503D00214532 /* LaunchScreen.storyboard in Resources */ = {isa = PBXBuildFile; fileRef = 453FF90D22EB503D00214532 /* LaunchScreen.storyboard */; };
		453FF91922EB50BF00214532 /* StoreKit.framework in Frameworks */ = {isa = PBXBuildFile; fileRef = 453FF91822EB50BF00214532 /* StoreKit.framework */; };
		453FF92122EB50F600214532 /* NotificationService.swift in Sources */ = {isa = PBXBuildFile; fileRef = 453FF92022EB50F600214532 /* NotificationService.swift */; };
		453FF92522EB50F600214532 /* OneSignalNotificationServiceExtension.appex in Embed App Extensions */ = {isa = PBXBuildFile; fileRef = 453FF91E22EB50F600214532 /* OneSignalNotificationServiceExtension.appex */; settings = {ATTRIBUTES = (RemoveHeadersOnCopy, ); }; };
		4540FE022302A98F00D8F990 /* medal.png in Resources */ = {isa = PBXBuildFile; fileRef = 4540FE012302A98F00D8F990 /* medal.png */; };
		4540FE042302A9DC00D8F990 /* ShowHabitViewController.swift in Sources */ = {isa = PBXBuildFile; fileRef = 4540FE032302A9DC00D8F990 /* ShowHabitViewController.swift */; };
		4540FE062302AAC800D8F990 /* DateHelper.swift in Sources */ = {isa = PBXBuildFile; fileRef = 4540FE052302AAC800D8F990 /* DateHelper.swift */; };
		4540FE082302B4FA00D8F990 /* background.jpg in Resources */ = {isa = PBXBuildFile; fileRef = 4540FE072302B4F800D8F990 /* background.jpg */; };
		456D3E892300217C001C5D87 /* schedule.png in Resources */ = {isa = PBXBuildFile; fileRef = 456D3E882300217C001C5D87 /* schedule.png */; };
		456D3E8B230021FA001C5D87 /* Habit.swift in Sources */ = {isa = PBXBuildFile; fileRef = 456D3E8A230021FA001C5D87 /* Habit.swift */; };
		45718A5122FCAF5C00F78CCC /* HabitCreatorController.swift in Sources */ = {isa = PBXBuildFile; fileRef = 45718A5022FCAF5C00F78CCC /* HabitCreatorController.swift */; };
		45895DF622EE064300DBE05D /* settings.png in Resources */ = {isa = PBXBuildFile; fileRef = 45895DF322EE064300DBE05D /* settings.png */; };
		458A92E722F0CB4200421932 /* plus.png in Resources */ = {isa = PBXBuildFile; fileRef = 458A92E622F0CB4200421932 /* plus.png */; };
		45A782062303156D0065C72A /* HabitEditViewController.swift in Sources */ = {isa = PBXBuildFile; fileRef = 45A782052303156D0065C72A /* HabitEditViewController.swift */; };
		45A89C6C22FF591A00321357 /* DatabaseUtil.swift in Sources */ = {isa = PBXBuildFile; fileRef = 45A89C6B22FF591A00321357 /* DatabaseUtil.swift */; };
		45AFA98B2300A3E600BEE5D8 /* CustomMainTableViewCell.swift in Sources */ = {isa = PBXBuildFile; fileRef = 45AFA98A2300A3E600BEE5D8 /* CustomMainTableViewCell.swift */; };
		45B3AEAC22FF068200AC43F9 /* tea-cup.png in Resources */ = {isa = PBXBuildFile; fileRef = 45B3AEAB22FF068200AC43F9 /* tea-cup.png */; };
		45B3AEAE22FF06CA00AC43F9 /* confetti.png in Resources */ = {isa = PBXBuildFile; fileRef = 45B3AEAD22FF06C900AC43F9 /* confetti.png */; };
		45B3AEB222FF082300AC43F9 /* calendar.png in Resources */ = {isa = PBXBuildFile; fileRef = 45B3AEB122FF082300AC43F9 /* calendar.png */; };
		45B3AEB422FF099700AC43F9 /* HabitTitleSelectorController.swift in Sources */ = {isa = PBXBuildFile; fileRef = 45B3AEB322FF099700AC43F9 /* HabitTitleSelectorController.swift */; };
		45B3AEB622FF0C3E00AC43F9 /* Constants.swift in Sources */ = {isa = PBXBuildFile; fileRef = 45B3AEB522FF0C3E00AC43F9 /* Constants.swift */; };
		45B3AEB822FF101D00AC43F9 /* coffee-cup.png in Resources */ = {isa = PBXBuildFile; fileRef = 45B3AEB722FF101D00AC43F9 /* coffee-cup.png */; };
		45B3AEBA22FF105400AC43F9 /* hamburger.png in Resources */ = {isa = PBXBuildFile; fileRef = 45B3AEB922FF105400AC43F9 /* hamburger.png */; };
		45B3AEBC22FF110100AC43F9 /* network.png in Resources */ = {isa = PBXBuildFile; fileRef = 45B3AEBB22FF110100AC43F9 /* network.png */; };
		45B3AEC222FF118D00AC43F9 /* no-alcohol.png in Resources */ = {isa = PBXBuildFile; fileRef = 45B3AEC122FF118D00AC43F9 /* no-alcohol.png */; };
		45B3AEC422FF11AB00AC43F9 /* game-controller.png in Resources */ = {isa = PBXBuildFile; fileRef = 45B3AEC322FF11AB00AC43F9 /* game-controller.png */; };
		45B3AEC622FF11FD00AC43F9 /* chained.png in Resources */ = {isa = PBXBuildFile; fileRef = 45B3AEC522FF11FD00AC43F9 /* chained.png */; };
		45B3AEC822FF137400AC43F9 /* profanity.png in Resources */ = {isa = PBXBuildFile; fileRef = 45B3AEC722FF137400AC43F9 /* profanity.png */; };
		45B3AECA22FF13CE00AC43F9 /* poker-cards.png in Resources */ = {isa = PBXBuildFile; fileRef = 45B3AEC922FF13CE00AC43F9 /* poker-cards.png */; };
		45B3AECC22FF13FA00AC43F9 /* exercise.png in Resources */ = {isa = PBXBuildFile; fileRef = 45B3AECB22FF13FA00AC43F9 /* exercise.png */; };
		45B3AECE22FF142100AC43F9 /* yoga.png in Resources */ = {isa = PBXBuildFile; fileRef = 45B3AECD22FF142100AC43F9 /* yoga.png */; };
		45B3AED022FF145300AC43F9 /* diet.png in Resources */ = {isa = PBXBuildFile; fileRef = 45B3AECF22FF145200AC43F9 /* diet.png */; };
		45B3AED222FF149200AC43F9 /* open-book.png in Resources */ = {isa = PBXBuildFile; fileRef = 45B3AED122FF149200AC43F9 /* open-book.png */; };
		45B3AED422FF14BC00AC43F9 /* wake-up.png in Resources */ = {isa = PBXBuildFile; fileRef = 45B3AED322FF14BC00AC43F9 /* wake-up.png */; };
		45B3AED622FF14E300AC43F9 /* jigsaw.png in Resources */ = {isa = PBXBuildFile; fileRef = 45B3AED522FF14E300AC43F9 /* jigsaw.png */; };
		45B3AEDB22FF15F100AC43F9 /* relationship.png in Resources */ = {isa = PBXBuildFile; fileRef = 45B3AED722FF15F000AC43F9 /* relationship.png */; };
		45B3AEDC22FF15F100AC43F9 /* pension.png in Resources */ = {isa = PBXBuildFile; fileRef = 45B3AED822FF15F100AC43F9 /* pension.png */; };
		45B3AEDD22FF15F100AC43F9 /* marriage.png in Resources */ = {isa = PBXBuildFile; fileRef = 45B3AED922FF15F100AC43F9 /* marriage.png */; };
		45B3AEDE22FF15F100AC43F9 /* stork.png in Resources */ = {isa = PBXBuildFile; fileRef = 45B3AEDA22FF15F100AC43F9 /* stork.png */; };
		45B3AEE022FF164800AC43F9 /* new.png in Resources */ = {isa = PBXBuildFile; fileRef = 45B3AEDF22FF164800AC43F9 /* new.png */; };
		45B3AEE722FF173300AC43F9 /* piano.png in Resources */ = {isa = PBXBuildFile; fileRef = 45B3AEE122FF173200AC43F9 /* piano.png */; };
		45B3AEE822FF173300AC43F9 /* purse.png in Resources */ = {isa = PBXBuildFile; fileRef = 45B3AEE222FF173200AC43F9 /* purse.png */; };
		45B3AEE922FF173300AC43F9 /* microphone.png in Resources */ = {isa = PBXBuildFile; fileRef = 45B3AEE322FF173200AC43F9 /* microphone.png */; };
		45B3AEEA22FF173300AC43F9 /* edit.png in Resources */ = {isa = PBXBuildFile; fileRef = 45B3AEE422FF173200AC43F9 /* edit.png */; };
		45B3AEEB22FF173300AC43F9 /* best-practice.png in Resources */ = {isa = PBXBuildFile; fileRef = 45B3AEE522FF173300AC43F9 /* best-practice.png */; };
		45B3AEEC22FF173300AC43F9 /* pray.png in Resources */ = {isa = PBXBuildFile; fileRef = 45B3AEE622FF173300AC43F9 /* pray.png */; };
		45B3AEEE22FF17C400AC43F9 /* call.png in Resources */ = {isa = PBXBuildFile; fileRef = 45B3AEED22FF17C400AC43F9 /* call.png */; };
		45B3AEFC22FF29B500AC43F9 /* Main.storyboard in Resources */ = {isa = PBXBuildFile; fileRef = 45B3AEFE22FF29B500AC43F9 /* Main.storyboard */; };
		45B3AF0E22FF40C600AC43F9 /* Localizable.strings in Resources */ = {isa = PBXBuildFile; fileRef = 45B3AF1022FF40C600AC43F9 /* Localizable.strings */; };
		45B3AF1322FF40D900AC43F9 /* Localizable.strings in Resources */ = {isa = PBXBuildFile; fileRef = 45B3AF1522FF40D900AC43F9 /* Localizable.strings */; };
		45BDE2A422EB8691004D7459 /* UnityAds.framework in Frameworks */ = {isa = PBXBuildFile; fileRef = 45BDE2A322EB8691004D7459 /* UnityAds.framework */; };
		507E080EB53A884DC5B8A84E /* Pods_HabitTracker_OneSignalNotificationServiceExtension.framework in Frameworks */ = {isa = PBXBuildFile; fileRef = BA44EC19F6AC5818B90C69D4 /* Pods_HabitTracker_OneSignalNotificationServiceExtension.framework */; };
		C8147D46BCB39F1BCD255F46 /* Pods_HabitTracker.framework in Frameworks */ = {isa = PBXBuildFile; fileRef = 253BA197D139DCB10595D90F /* Pods_HabitTracker.framework */; };
/* End PBXBuildFile section */

/* Begin PBXContainerItemProxy section */
		453FF92322EB50F600214532 /* PBXContainerItemProxy */ = {
			isa = PBXContainerItemProxy;
			containerPortal = 453FF8F622EB503C00214532 /* Project object */;
			proxyType = 1;
			remoteGlobalIDString = 453FF91D22EB50F600214532;
			remoteInfo = OneSignal;
		};
/* End PBXContainerItemProxy section */

/* Begin PBXCopyFilesBuildPhase section */
		453FF92922EB50F600214532 /* Embed App Extensions */ = {
			isa = PBXCopyFilesBuildPhase;
			buildActionMask = 2147483647;
			dstPath = "";
			dstSubfolderSpec = 13;
			files = (
				453FF92522EB50F600214532 /* OneSignalNotificationServiceExtension.appex in Embed App Extensions */,
			);
			name = "Embed App Extensions";
			runOnlyForDeploymentPostprocessing = 0;
		};
/* End PBXCopyFilesBuildPhase section */

/* Begin PBXFileReference section */
		0940D63D0D99074CF76EBEBE /* Pods-HabitTracker-OneSignalNotificationServiceExtension.release.xcconfig */ = {isa = PBXFileReference; includeInIndex = 1; lastKnownFileType = text.xcconfig; name = "Pods-HabitTracker-OneSignalNotificationServiceExtension.release.xcconfig"; path = "Pods/Target Support Files/Pods-HabitTracker-OneSignalNotificationServiceExtension/Pods-HabitTracker-OneSignalNotificationServiceExtension.release.xcconfig"; sourceTree = "<group>"; };
		1913B5678DCFA4CCA28F6752 /* Pods-HabitTracker-OneSignalNotificationServiceExtension.debug.xcconfig */ = {isa = PBXFileReference; includeInIndex = 1; lastKnownFileType = text.xcconfig; name = "Pods-HabitTracker-OneSignalNotificationServiceExtension.debug.xcconfig"; path = "Pods/Target Support Files/Pods-HabitTracker-OneSignalNotificationServiceExtension/Pods-HabitTracker-OneSignalNotificationServiceExtension.debug.xcconfig"; sourceTree = "<group>"; };
		253BA197D139DCB10595D90F /* Pods_HabitTracker.framework */ = {isa = PBXFileReference; explicitFileType = wrapper.framework; includeInIndex = 0; path = Pods_HabitTracker.framework; sourceTree = BUILT_PRODUCTS_DIR; };
		31FC10C1735A4E1610E59204 /* Pods-HabitTracker.release.xcconfig */ = {isa = PBXFileReference; includeInIndex = 1; lastKnownFileType = text.xcconfig; name = "Pods-HabitTracker.release.xcconfig"; path = "Pods/Target Support Files/Pods-HabitTracker/Pods-HabitTracker.release.xcconfig"; sourceTree = "<group>"; };
		452F456A22F627C6009E8210 /* HabitCategorySelectorController.swift */ = {isa = PBXFileReference; lastKnownFileType = sourcecode.swift; path = HabitCategorySelectorController.swift; sourceTree = "<group>"; };
		452F456C22F62D92009E8210 /* no-smoke.png */ = {isa = PBXFileReference; lastKnownFileType = image.png; path = "no-smoke.png"; sourceTree = "<group>"; };
		452F457022F62E7B009E8210 /* update.png */ = {isa = PBXFileReference; lastKnownFileType = image.png; path = update.png; sourceTree = "<group>"; };
		453FF8FE22EB503C00214532 /* HabitTracker.app */ = {isa = PBXFileReference; explicitFileType = wrapper.application; includeInIndex = 0; path = HabitTracker.app; sourceTree = BUILT_PRODUCTS_DIR; };
		453FF90122EB503C00214532 /* AppDelegate.swift */ = {isa = PBXFileReference; lastKnownFileType = sourcecode.swift; path = AppDelegate.swift; sourceTree = "<group>"; };
		453FF90322EB503C00214532 /* ViewController.swift */ = {isa = PBXFileReference; lastKnownFileType = sourcecode.swift; path = ViewController.swift; sourceTree = "<group>"; };
		453FF90922EB503C00214532 /* HabitTracker.xcdatamodel */ = {isa = PBXFileReference; lastKnownFileType = wrapper.xcdatamodel; path = HabitTracker.xcdatamodel; sourceTree = "<group>"; };
		453FF90B22EB503D00214532 /* Assets.xcassets */ = {isa = PBXFileReference; lastKnownFileType = folder.assetcatalog; path = Assets.xcassets; sourceTree = "<group>"; };
		453FF90E22EB503D00214532 /* Base */ = {isa = PBXFileReference; lastKnownFileType = file.storyboard; name = Base; path = Base.lproj/LaunchScreen.storyboard; sourceTree = "<group>"; };
		453FF91022EB503D00214532 /* Info.plist */ = {isa = PBXFileReference; lastKnownFileType = text.plist.xml; path = Info.plist; sourceTree = "<group>"; };
		453FF91622EB50B400214532 /* HabitTracker.entitlements */ = {isa = PBXFileReference; lastKnownFileType = text.plist.entitlements; path = HabitTracker.entitlements; sourceTree = "<group>"; };
		453FF91822EB50BF00214532 /* StoreKit.framework */ = {isa = PBXFileReference; lastKnownFileType = wrapper.framework; name = StoreKit.framework; path = System/Library/Frameworks/StoreKit.framework; sourceTree = SDKROOT; };
		453FF91E22EB50F600214532 /* OneSignalNotificationServiceExtension.appex */ = {isa = PBXFileReference; explicitFileType = "wrapper.app-extension"; includeInIndex = 0; path = OneSignalNotificationServiceExtension.appex; sourceTree = BUILT_PRODUCTS_DIR; };
		453FF92022EB50F600214532 /* NotificationService.swift */ = {isa = PBXFileReference; lastKnownFileType = sourcecode.swift; path = NotificationService.swift; sourceTree = "<group>"; };
		453FF92222EB50F600214532 /* Info.plist */ = {isa = PBXFileReference; lastKnownFileType = text.plist.xml; path = Info.plist; sourceTree = "<group>"; };
		4540FE012302A98F00D8F990 /* medal.png */ = {isa = PBXFileReference; lastKnownFileType = image.png; path = medal.png; sourceTree = "<group>"; };
		4540FE032302A9DC00D8F990 /* ShowHabitViewController.swift */ = {isa = PBXFileReference; lastKnownFileType = sourcecode.swift; path = ShowHabitViewController.swift; sourceTree = "<group>"; };
		4540FE052302AAC800D8F990 /* DateHelper.swift */ = {isa = PBXFileReference; lastKnownFileType = sourcecode.swift; path = DateHelper.swift; sourceTree = "<group>"; };
		4540FE072302B4F800D8F990 /* background.jpg */ = {isa = PBXFileReference; lastKnownFileType = image.jpeg; path = background.jpg; sourceTree = "<group>"; };
		456D3E882300217C001C5D87 /* schedule.png */ = {isa = PBXFileReference; lastKnownFileType = image.png; path = schedule.png; sourceTree = "<group>"; };
		456D3E8A230021FA001C5D87 /* Habit.swift */ = {isa = PBXFileReference; lastKnownFileType = sourcecode.swift; path = Habit.swift; sourceTree = "<group>"; };
		45718A5022FCAF5C00F78CCC /* HabitCreatorController.swift */ = {isa = PBXFileReference; lastKnownFileType = sourcecode.swift; path = HabitCreatorController.swift; sourceTree = "<group>"; };
		45895DF322EE064300DBE05D /* settings.png */ = {isa = PBXFileReference; lastKnownFileType = image.png; path = settings.png; sourceTree = "<group>"; };
		458A92E622F0CB4200421932 /* plus.png */ = {isa = PBXFileReference; lastKnownFileType = image.png; path = plus.png; sourceTree = "<group>"; };
		45A782052303156D0065C72A /* HabitEditViewController.swift */ = {isa = PBXFileReference; lastKnownFileType = sourcecode.swift; path = HabitEditViewController.swift; sourceTree = "<group>"; };
		45A89C6B22FF591A00321357 /* DatabaseUtil.swift */ = {isa = PBXFileReference; lastKnownFileType = sourcecode.swift; path = DatabaseUtil.swift; sourceTree = "<group>"; };
		45AFA98A2300A3E600BEE5D8 /* CustomMainTableViewCell.swift */ = {isa = PBXFileReference; lastKnownFileType = sourcecode.swift; path = CustomMainTableViewCell.swift; sourceTree = "<group>"; };
		45B3AEAB22FF068200AC43F9 /* tea-cup.png */ = {isa = PBXFileReference; lastKnownFileType = image.png; path = "tea-cup.png"; sourceTree = "<group>"; };
		45B3AEAD22FF06C900AC43F9 /* confetti.png */ = {isa = PBXFileReference; lastKnownFileType = image.png; path = confetti.png; sourceTree = "<group>"; };
		45B3AEB122FF082300AC43F9 /* calendar.png */ = {isa = PBXFileReference; lastKnownFileType = image.png; path = calendar.png; sourceTree = "<group>"; };
		45B3AEB322FF099700AC43F9 /* HabitTitleSelectorController.swift */ = {isa = PBXFileReference; lastKnownFileType = sourcecode.swift; path = HabitTitleSelectorController.swift; sourceTree = "<group>"; };
		45B3AEB522FF0C3E00AC43F9 /* Constants.swift */ = {isa = PBXFileReference; lastKnownFileType = sourcecode.swift; path = Constants.swift; sourceTree = "<group>"; };
		45B3AEB722FF101D00AC43F9 /* coffee-cup.png */ = {isa = PBXFileReference; lastKnownFileType = image.png; path = "coffee-cup.png"; sourceTree = "<group>"; };
		45B3AEB922FF105400AC43F9 /* hamburger.png */ = {isa = PBXFileReference; lastKnownFileType = image.png; path = hamburger.png; sourceTree = "<group>"; };
		45B3AEBB22FF110100AC43F9 /* network.png */ = {isa = PBXFileReference; lastKnownFileType = image.png; path = network.png; sourceTree = "<group>"; };
		45B3AEC122FF118D00AC43F9 /* no-alcohol.png */ = {isa = PBXFileReference; lastKnownFileType = image.png; path = "no-alcohol.png"; sourceTree = "<group>"; };
		45B3AEC322FF11AB00AC43F9 /* game-controller.png */ = {isa = PBXFileReference; lastKnownFileType = image.png; path = "game-controller.png"; sourceTree = "<group>"; };
		45B3AEC522FF11FD00AC43F9 /* chained.png */ = {isa = PBXFileReference; lastKnownFileType = image.png; path = chained.png; sourceTree = "<group>"; };
		45B3AEC722FF137400AC43F9 /* profanity.png */ = {isa = PBXFileReference; lastKnownFileType = image.png; path = profanity.png; sourceTree = "<group>"; };
		45B3AEC922FF13CE00AC43F9 /* poker-cards.png */ = {isa = PBXFileReference; lastKnownFileType = image.png; path = "poker-cards.png"; sourceTree = "<group>"; };
		45B3AECB22FF13FA00AC43F9 /* exercise.png */ = {isa = PBXFileReference; lastKnownFileType = image.png; path = exercise.png; sourceTree = "<group>"; };
		45B3AECD22FF142100AC43F9 /* yoga.png */ = {isa = PBXFileReference; lastKnownFileType = image.png; path = yoga.png; sourceTree = "<group>"; };
		45B3AECF22FF145200AC43F9 /* diet.png */ = {isa = PBXFileReference; lastKnownFileType = image.png; path = diet.png; sourceTree = "<group>"; };
		45B3AED122FF149200AC43F9 /* open-book.png */ = {isa = PBXFileReference; lastKnownFileType = image.png; path = "open-book.png"; sourceTree = "<group>"; };
		45B3AED322FF14BC00AC43F9 /* wake-up.png */ = {isa = PBXFileReference; lastKnownFileType = image.png; path = "wake-up.png"; sourceTree = "<group>"; };
		45B3AED522FF14E300AC43F9 /* jigsaw.png */ = {isa = PBXFileReference; lastKnownFileType = image.png; path = jigsaw.png; sourceTree = "<group>"; };
		45B3AED722FF15F000AC43F9 /* relationship.png */ = {isa = PBXFileReference; lastKnownFileType = image.png; path = relationship.png; sourceTree = "<group>"; };
		45B3AED822FF15F100AC43F9 /* pension.png */ = {isa = PBXFileReference; lastKnownFileType = image.png; path = pension.png; sourceTree = "<group>"; };
		45B3AED922FF15F100AC43F9 /* marriage.png */ = {isa = PBXFileReference; lastKnownFileType = image.png; path = marriage.png; sourceTree = "<group>"; };
		45B3AEDA22FF15F100AC43F9 /* stork.png */ = {isa = PBXFileReference; lastKnownFileType = image.png; path = stork.png; sourceTree = "<group>"; };
		45B3AEDF22FF164800AC43F9 /* new.png */ = {isa = PBXFileReference; lastKnownFileType = image.png; path = new.png; sourceTree = "<group>"; };
		45B3AEE122FF173200AC43F9 /* piano.png */ = {isa = PBXFileReference; lastKnownFileType = image.png; path = piano.png; sourceTree = "<group>"; };
		45B3AEE222FF173200AC43F9 /* purse.png */ = {isa = PBXFileReference; lastKnownFileType = image.png; path = purse.png; sourceTree = "<group>"; };
		45B3AEE322FF173200AC43F9 /* microphone.png */ = {isa = PBXFileReference; lastKnownFileType = image.png; path = microphone.png; sourceTree = "<group>"; };
		45B3AEE422FF173200AC43F9 /* edit.png */ = {isa = PBXFileReference; lastKnownFileType = image.png; path = edit.png; sourceTree = "<group>"; };
		45B3AEE522FF173300AC43F9 /* best-practice.png */ = {isa = PBXFileReference; lastKnownFileType = image.png; path = "best-practice.png"; sourceTree = "<group>"; };
		45B3AEE622FF173300AC43F9 /* pray.png */ = {isa = PBXFileReference; lastKnownFileType = image.png; path = pray.png; sourceTree = "<group>"; };
		45B3AEED22FF17C400AC43F9 /* call.png */ = {isa = PBXFileReference; lastKnownFileType = image.png; path = call.png; sourceTree = "<group>"; };
		45B3AEFD22FF29B500AC43F9 /* Base */ = {isa = PBXFileReference; lastKnownFileType = file.storyboard; name = Base; path = Base.lproj/Main.storyboard; sourceTree = "<group>"; };
		45B3AF0A22FF40B500AC43F9 /* en */ = {isa = PBXFileReference; lastKnownFileType = text.plist.strings; name = en; path = en.lproj/Main.strings; sourceTree = "<group>"; };
		45B3AF0B22FF40B600AC43F9 /* en */ = {isa = PBXFileReference; lastKnownFileType = text.plist.strings; name = en; path = en.lproj/LaunchScreen.strings; sourceTree = "<group>"; };
		45B3AF0C22FF40BE00AC43F9 /* tr */ = {isa = PBXFileReference; lastKnownFileType = text.plist.strings; name = tr; path = tr.lproj/Main.strings; sourceTree = "<group>"; };
		45B3AF0D22FF40BE00AC43F9 /* tr */ = {isa = PBXFileReference; lastKnownFileType = text.plist.strings; name = tr; path = tr.lproj/LaunchScreen.strings; sourceTree = "<group>"; };
		45B3AF0F22FF40C600AC43F9 /* en */ = {isa = PBXFileReference; lastKnownFileType = text.plist.strings; name = en; path = en.lproj/Localizable.strings; sourceTree = "<group>"; };
		45B3AF1422FF40D900AC43F9 /* tr */ = {isa = PBXFileReference; lastKnownFileType = text.plist.strings; name = tr; path = tr.lproj/Localizable.strings; sourceTree = "<group>"; };
		45BDE2A322EB8691004D7459 /* UnityAds.framework */ = {isa = PBXFileReference; lastKnownFileType = wrapper.framework; path = UnityAds.framework; sourceTree = "<group>"; };
		ACAB98CB9F93C72BCE6EA201 /* Pods-HabitTracker.debug.xcconfig */ = {isa = PBXFileReference; includeInIndex = 1; lastKnownFileType = text.xcconfig; name = "Pods-HabitTracker.debug.xcconfig"; path = "Pods/Target Support Files/Pods-HabitTracker/Pods-HabitTracker.debug.xcconfig"; sourceTree = "<group>"; };
		BA44EC19F6AC5818B90C69D4 /* Pods_HabitTracker_OneSignalNotificationServiceExtension.framework */ = {isa = PBXFileReference; explicitFileType = wrapper.framework; includeInIndex = 0; path = Pods_HabitTracker_OneSignalNotificationServiceExtension.framework; sourceTree = BUILT_PRODUCTS_DIR; };
/* End PBXFileReference section */

/* Begin PBXFrameworksBuildPhase section */
		453FF8FB22EB503C00214532 /* Frameworks */ = {
			isa = PBXFrameworksBuildPhase;
			buildActionMask = 2147483647;
			files = (
				453FF91922EB50BF00214532 /* StoreKit.framework in Frameworks */,
				C8147D46BCB39F1BCD255F46 /* Pods_HabitTracker.framework in Frameworks */,
				45BDE2A422EB8691004D7459 /* UnityAds.framework in Frameworks */,
			);
			runOnlyForDeploymentPostprocessing = 0;
		};
		453FF91B22EB50F600214532 /* Frameworks */ = {
			isa = PBXFrameworksBuildPhase;
			buildActionMask = 2147483647;
			files = (
				507E080EB53A884DC5B8A84E /* Pods_HabitTracker_OneSignalNotificationServiceExtension.framework in Frameworks */,
			);
			runOnlyForDeploymentPostprocessing = 0;
		};
/* End PBXFrameworksBuildPhase section */

/* Begin PBXGroup section */
		453FF8F522EB503C00214532 = {
			isa = PBXGroup;
			children = (
				453FF90022EB503C00214532 /* HabitTracker */,
				453FF91F22EB50F600214532 /* OneSignal */,
				453FF8FF22EB503C00214532 /* Products */,
				453FF91722EB50BF00214532 /* Frameworks */,
				6A84EF1A473186722EFEDC41 /* Pods */,
			);
			sourceTree = "<group>";
		};
		453FF8FF22EB503C00214532 /* Products */ = {
			isa = PBXGroup;
			children = (
				453FF8FE22EB503C00214532 /* HabitTracker.app */,
				453FF91E22EB50F600214532 /* OneSignalNotificationServiceExtension.appex */,
			);
			name = Products;
			sourceTree = "<group>";
		};
		453FF90022EB503C00214532 /* HabitTracker */ = {
			isa = PBXGroup;
			children = (
				45895DF022EE064300DBE05D /* images */,
				453FF91622EB50B400214532 /* HabitTracker.entitlements */,
				453FF90122EB503C00214532 /* AppDelegate.swift */,
				453FF90322EB503C00214532 /* ViewController.swift */,
				45B3AEFE22FF29B500AC43F9 /* Main.storyboard */,
				453FF90B22EB503D00214532 /* Assets.xcassets */,
				453FF90D22EB503D00214532 /* LaunchScreen.storyboard */,
				453FF91022EB503D00214532 /* Info.plist */,
				453FF90822EB503C00214532 /* HabitTracker.xcdatamodeld */,
				452F456A22F627C6009E8210 /* HabitCategorySelectorController.swift */,
				45718A5022FCAF5C00F78CCC /* HabitCreatorController.swift */,
				45B3AEB322FF099700AC43F9 /* HabitTitleSelectorController.swift */,
				4540FE032302A9DC00D8F990 /* ShowHabitViewController.swift */,
				45B3AEB522FF0C3E00AC43F9 /* Constants.swift */,
				45A89C6B22FF591A00321357 /* DatabaseUtil.swift */,
				4540FE052302AAC800D8F990 /* DateHelper.swift */,
				45B3AF1022FF40C600AC43F9 /* Localizable.strings */,
				45B3AF1522FF40D900AC43F9 /* Localizable.strings */,
				456D3E8A230021FA001C5D87 /* Habit.swift */,
				45AFA98A2300A3E600BEE5D8 /* CustomMainTableViewCell.swift */,
				45A782052303156D0065C72A /* HabitEditViewController.swift */,
			);
			path = HabitTracker;
			sourceTree = "<group>";
		};
		453FF91722EB50BF00214532 /* Frameworks */ = {
			isa = PBXGroup;
			children = (
				45BDE2A322EB8691004D7459 /* UnityAds.framework */,
				453FF91822EB50BF00214532 /* StoreKit.framework */,
				253BA197D139DCB10595D90F /* Pods_HabitTracker.framework */,
				BA44EC19F6AC5818B90C69D4 /* Pods_HabitTracker_OneSignalNotificationServiceExtension.framework */,
			);
			name = Frameworks;
			sourceTree = "<group>";
		};
		453FF91F22EB50F600214532 /* OneSignal */ = {
			isa = PBXGroup;
			children = (
				453FF92022EB50F600214532 /* NotificationService.swift */,
				453FF92222EB50F600214532 /* Info.plist */,
			);
			path = OneSignal;
			sourceTree = "<group>";
		};
		45895DF022EE064300DBE05D /* images */ = {
			isa = PBXGroup;
			children = (
				4540FE012302A98F00D8F990 /* medal.png */,
				4540FE072302B4F800D8F990 /* background.jpg */,
				458A92E622F0CB4200421932 /* plus.png */,
				452F456C22F62D92009E8210 /* no-smoke.png */,
				45B3AEB722FF101D00AC43F9 /* coffee-cup.png */,
				45B3AEB922FF105400AC43F9 /* hamburger.png */,
				45B3AEC722FF137400AC43F9 /* profanity.png */,
				45B3AEE522FF173300AC43F9 /* best-practice.png */,
				45B3AEE422FF173200AC43F9 /* edit.png */,
				45B3AEE322FF173200AC43F9 /* microphone.png */,
				45B3AEE122FF173200AC43F9 /* piano.png */,
				45B3AEE622FF173300AC43F9 /* pray.png */,
				456D3E882300217C001C5D87 /* schedule.png */,
				45B3AEE222FF173200AC43F9 /* purse.png */,
				45B3AED122FF149200AC43F9 /* open-book.png */,
				45B3AEBB22FF110100AC43F9 /* network.png */,
				45B3AED522FF14E300AC43F9 /* jigsaw.png */,
				45B3AECF22FF145200AC43F9 /* diet.png */,
				45B3AEED22FF17C400AC43F9 /* call.png */,
				45B3AEC522FF11FD00AC43F9 /* chained.png */,
				45B3AED322FF14BC00AC43F9 /* wake-up.png */,
				45B3AEDF22FF164800AC43F9 /* new.png */,
				45B3AED922FF15F100AC43F9 /* marriage.png */,
				45B3AED822FF15F100AC43F9 /* pension.png */,
				45B3AED722FF15F000AC43F9 /* relationship.png */,
				45B3AEDA22FF15F100AC43F9 /* stork.png */,
				45B3AECD22FF142100AC43F9 /* yoga.png */,
				45B3AEC322FF11AB00AC43F9 /* game-controller.png */,
				45B3AEC922FF13CE00AC43F9 /* poker-cards.png */,
				45B3AECB22FF13FA00AC43F9 /* exercise.png */,
				45B3AEC122FF118D00AC43F9 /* no-alcohol.png */,
				45B3AEAB22FF068200AC43F9 /* tea-cup.png */,
				45B3AEAD22FF06C900AC43F9 /* confetti.png */,
				45B3AEB122FF082300AC43F9 /* calendar.png */,
				452F457022F62E7B009E8210 /* update.png */,
				45895DF322EE064300DBE05D /* settings.png */,
			);
			path = images;
			sourceTree = "<group>";
		};
		6A84EF1A473186722EFEDC41 /* Pods */ = {
			isa = PBXGroup;
			children = (
				ACAB98CB9F93C72BCE6EA201 /* Pods-HabitTracker.debug.xcconfig */,
				31FC10C1735A4E1610E59204 /* Pods-HabitTracker.release.xcconfig */,
				1913B5678DCFA4CCA28F6752 /* Pods-HabitTracker-OneSignalNotificationServiceExtension.debug.xcconfig */,
				0940D63D0D99074CF76EBEBE /* Pods-HabitTracker-OneSignalNotificationServiceExtension.release.xcconfig */,
			);
			name = Pods;
			sourceTree = "<group>";
		};
/* End PBXGroup section */

/* Begin PBXNativeTarget section */
		453FF8FD22EB503C00214532 /* HabitTracker */ = {
			isa = PBXNativeTarget;
			buildConfigurationList = 453FF91322EB503D00214532 /* Build configuration list for PBXNativeTarget "HabitTracker" */;
			buildPhases = (
				C4CF08ED346EFF869ADB74DC /* [CP] Check Pods Manifest.lock */,
				453FF8FA22EB503C00214532 /* Sources */,
				453FF8FB22EB503C00214532 /* Frameworks */,
				453FF8FC22EB503C00214532 /* Resources */,
				453FF92922EB50F600214532 /* Embed App Extensions */,
				49F6A193C3F5803D22D97599 /* [CP] Embed Pods Frameworks */,
			);
			buildRules = (
			);
			dependencies = (
				453FF92422EB50F600214532 /* PBXTargetDependency */,
			);
			name = HabitTracker;
			productName = HabitTracker;
			productReference = 453FF8FE22EB503C00214532 /* HabitTracker.app */;
			productType = "com.apple.product-type.application";
		};
		453FF91D22EB50F600214532 /* OneSignalNotificationServiceExtension */ = {
			isa = PBXNativeTarget;
			buildConfigurationList = 453FF92622EB50F600214532 /* Build configuration list for PBXNativeTarget "OneSignalNotificationServiceExtension" */;
			buildPhases = (
				460BA2B813BFFC3A1E10AD00 /* [CP] Check Pods Manifest.lock */,
				453FF91A22EB50F600214532 /* Sources */,
				453FF91B22EB50F600214532 /* Frameworks */,
				453FF91C22EB50F600214532 /* Resources */,
			);
			buildRules = (
			);
			dependencies = (
			);
			name = OneSignalNotificationServiceExtension;
			productName = OneSignal;
			productReference = 453FF91E22EB50F600214532 /* OneSignalNotificationServiceExtension.appex */;
			productType = "com.apple.product-type.app-extension";
		};
/* End PBXNativeTarget section */

/* Begin PBXProject section */
		453FF8F622EB503C00214532 /* Project object */ = {
			isa = PBXProject;
			attributes = {
				LastSwiftUpdateCheck = 1010;
				LastUpgradeCheck = 1010;
				ORGANIZATIONNAME = "Mustafa Yuksel";
				TargetAttributes = {
					453FF8FD22EB503C00214532 = {
						CreatedOnToolsVersion = 10.1;
						SystemCapabilities = {
							com.apple.ApplicationGroups.iOS = {
								enabled = 1;
							};
							com.apple.InAppPurchase = {
								enabled = 1;
							};
							com.apple.Push = {
								enabled = 1;
							};
						};
					};
					453FF91D22EB50F600214532 = {
						CreatedOnToolsVersion = 10.1;
					};
				};
			};
			buildConfigurationList = 453FF8F922EB503C00214532 /* Build configuration list for PBXProject "HabitTracker" */;
			compatibilityVersion = "Xcode 9.3";
			developmentRegion = en;
			hasScannedForEncodings = 0;
			knownRegions = (
				Base,
			);
			mainGroup = 453FF8F522EB503C00214532;
			productRefGroup = 453FF8FF22EB503C00214532 /* Products */;
			projectDirPath = "";
			projectRoot = "";
			targets = (
				453FF8FD22EB503C00214532 /* HabitTracker */,
				453FF91D22EB50F600214532 /* OneSignalNotificationServiceExtension */,
			);
		};
/* End PBXProject section */

/* Begin PBXResourcesBuildPhase section */
		453FF8FC22EB503C00214532 /* Resources */ = {
			isa = PBXResourcesBuildPhase;
			buildActionMask = 2147483647;
			files = (
				45895DF622EE064300DBE05D /* settings.png in Resources */,
				45B3AEBA22FF105400AC43F9 /* hamburger.png in Resources */,
				45B3AEDD22FF15F100AC43F9 /* marriage.png in Resources */,
				452F457122F62E7B009E8210 /* update.png in Resources */,
				45B3AED422FF14BC00AC43F9 /* wake-up.png in Resources */,
				45B3AEE822FF173300AC43F9 /* purse.png in Resources */,
				45B3AEC822FF137400AC43F9 /* profanity.png in Resources */,
				45B3AEFC22FF29B500AC43F9 /* Main.storyboard in Resources */,
				45B3AECA22FF13CE00AC43F9 /* poker-cards.png in Resources */,
				45B3AEBC22FF110100AC43F9 /* network.png in Resources */,
				45B3AEDC22FF15F100AC43F9 /* pension.png in Resources */,
				45B3AEEE22FF17C400AC43F9 /* call.png in Resources */,
				45B3AEC222FF118D00AC43F9 /* no-alcohol.png in Resources */,
				45B3AED222FF149200AC43F9 /* open-book.png in Resources */,
				45B3AED622FF14E300AC43F9 /* jigsaw.png in Resources */,
				45B3AEC422FF11AB00AC43F9 /* game-controller.png in Resources */,
				45B3AEDB22FF15F100AC43F9 /* relationship.png in Resources */,
				45B3AECC22FF13FA00AC43F9 /* exercise.png in Resources */,
				452F456D22F62D92009E8210 /* no-smoke.png in Resources */,
				45B3AEEB22FF173300AC43F9 /* best-practice.png in Resources */,
				45B3AEE722FF173300AC43F9 /* piano.png in Resources */,
				4540FE022302A98F00D8F990 /* medal.png in Resources */,
				45B3AED022FF145300AC43F9 /* diet.png in Resources */,
				45B3AECE22FF142100AC43F9 /* yoga.png in Resources */,
				4540FE082302B4FA00D8F990 /* background.jpg in Resources */,
				45B3AEE922FF173300AC43F9 /* microphone.png in Resources */,
				45B3AF0E22FF40C600AC43F9 /* Localizable.strings in Resources */,
				45B3AEDE22FF15F100AC43F9 /* stork.png in Resources */,
				453FF90F22EB503D00214532 /* LaunchScreen.storyboard in Resources */,
				45B3AEAE22FF06CA00AC43F9 /* confetti.png in Resources */,
				45B3AEEC22FF173300AC43F9 /* pray.png in Resources */,
				45B3AEC622FF11FD00AC43F9 /* chained.png in Resources */,
				45B3AEEA22FF173300AC43F9 /* edit.png in Resources */,
				456D3E892300217C001C5D87 /* schedule.png in Resources */,
				45B3AEAC22FF068200AC43F9 /* tea-cup.png in Resources */,
				45B3AEB822FF101D00AC43F9 /* coffee-cup.png in Resources */,
				45B3AEE022FF164800AC43F9 /* new.png in Resources */,
				45B3AEB222FF082300AC43F9 /* calendar.png in Resources */,
				45B3AF1322FF40D900AC43F9 /* Localizable.strings in Resources */,
				458A92E722F0CB4200421932 /* plus.png in Resources */,
				453FF90C22EB503D00214532 /* Assets.xcassets in Resources */,
			);
			runOnlyForDeploymentPostprocessing = 0;
		};
		453FF91C22EB50F600214532 /* Resources */ = {
			isa = PBXResourcesBuildPhase;
			buildActionMask = 2147483647;
			files = (
			);
			runOnlyForDeploymentPostprocessing = 0;
		};
/* End PBXResourcesBuildPhase section */

/* Begin PBXShellScriptBuildPhase section */
		460BA2B813BFFC3A1E10AD00 /* [CP] Check Pods Manifest.lock */ = {
			isa = PBXShellScriptBuildPhase;
			buildActionMask = 2147483647;
			files = (
			);
			inputFileListPaths = (
			);
			inputPaths = (
				"${PODS_PODFILE_DIR_PATH}/Podfile.lock",
				"${PODS_ROOT}/Manifest.lock",
			);
			name = "[CP] Check Pods Manifest.lock";
			outputFileListPaths = (
			);
			outputPaths = (
				"$(DERIVED_FILE_DIR)/Pods-HabitTracker-OneSignalNotificationServiceExtension-checkManifestLockResult.txt",
			);
			runOnlyForDeploymentPostprocessing = 0;
			shellPath = /bin/sh;
			shellScript = "diff \"${PODS_PODFILE_DIR_PATH}/Podfile.lock\" \"${PODS_ROOT}/Manifest.lock\" > /dev/null\nif [ $? != 0 ] ; then\n    # print error to STDERR\n    echo \"error: The sandbox is not in sync with the Podfile.lock. Run 'pod install' or update your CocoaPods installation.\" >&2\n    exit 1\nfi\n# This output is used by Xcode 'outputs' to avoid re-running this script phase.\necho \"SUCCESS\" > \"${SCRIPT_OUTPUT_FILE_0}\"\n";
			showEnvVarsInLog = 0;
		};
		49F6A193C3F5803D22D97599 /* [CP] Embed Pods Frameworks */ = {
			isa = PBXShellScriptBuildPhase;
			buildActionMask = 2147483647;
			files = (
			);
			inputFileListPaths = (
			);
			inputPaths = (
				"${SRCROOT}/Pods/Target Support Files/Pods-HabitTracker/Pods-HabitTracker-frameworks.sh",
				"${BUILT_PRODUCTS_DIR}/EFColorPicker/EFColorPicker.framework",
				"${BUILT_PRODUCTS_DIR}/GoogleUtilities/GoogleUtilities.framework",
				"${BUILT_PRODUCTS_DIR}/nanopb/nanopb.framework",
			);
			name = "[CP] Embed Pods Frameworks";
			outputFileListPaths = (
			);
			outputPaths = (
				"${TARGET_BUILD_DIR}/${FRAMEWORKS_FOLDER_PATH}/EFColorPicker.framework",
				"${TARGET_BUILD_DIR}/${FRAMEWORKS_FOLDER_PATH}/GoogleUtilities.framework",
				"${TARGET_BUILD_DIR}/${FRAMEWORKS_FOLDER_PATH}/nanopb.framework",
			);
			runOnlyForDeploymentPostprocessing = 0;
			shellPath = /bin/sh;
			shellScript = "\"${SRCROOT}/Pods/Target Support Files/Pods-HabitTracker/Pods-HabitTracker-frameworks.sh\"\n";
			showEnvVarsInLog = 0;
		};
		C4CF08ED346EFF869ADB74DC /* [CP] Check Pods Manifest.lock */ = {
			isa = PBXShellScriptBuildPhase;
			buildActionMask = 2147483647;
			files = (
			);
			inputFileListPaths = (
			);
			inputPaths = (
				"${PODS_PODFILE_DIR_PATH}/Podfile.lock",
				"${PODS_ROOT}/Manifest.lock",
			);
			name = "[CP] Check Pods Manifest.lock";
			outputFileListPaths = (
			);
			outputPaths = (
				"$(DERIVED_FILE_DIR)/Pods-HabitTracker-checkManifestLockResult.txt",
			);
			runOnlyForDeploymentPostprocessing = 0;
			shellPath = /bin/sh;
			shellScript = "diff \"${PODS_PODFILE_DIR_PATH}/Podfile.lock\" \"${PODS_ROOT}/Manifest.lock\" > /dev/null\nif [ $? != 0 ] ; then\n    # print error to STDERR\n    echo \"error: The sandbox is not in sync with the Podfile.lock. Run 'pod install' or update your CocoaPods installation.\" >&2\n    exit 1\nfi\n# This output is used by Xcode 'outputs' to avoid re-running this script phase.\necho \"SUCCESS\" > \"${SCRIPT_OUTPUT_FILE_0}\"\n";
			showEnvVarsInLog = 0;
		};
/* End PBXShellScriptBuildPhase section */

/* Begin PBXSourcesBuildPhase section */
		453FF8FA22EB503C00214532 /* Sources */ = {
			isa = PBXSourcesBuildPhase;
			buildActionMask = 2147483647;
			files = (
				45A89C6C22FF591A00321357 /* DatabaseUtil.swift in Sources */,
				453FF90422EB503C00214532 /* ViewController.swift in Sources */,
				453FF90222EB503C00214532 /* AppDelegate.swift in Sources */,
				45B3AEB422FF099700AC43F9 /* HabitTitleSelectorController.swift in Sources */,
				453FF90A22EB503C00214532 /* HabitTracker.xcdatamodeld in Sources */,
				45AFA98B2300A3E600BEE5D8 /* CustomMainTableViewCell.swift in Sources */,
				45B3AEB622FF0C3E00AC43F9 /* Constants.swift in Sources */,
				456D3E8B230021FA001C5D87 /* Habit.swift in Sources */,
				45A782062303156D0065C72A /* HabitEditViewController.swift in Sources */,
				452F456B22F627C6009E8210 /* HabitCategorySelectorController.swift in Sources */,
				4540FE062302AAC800D8F990 /* DateHelper.swift in Sources */,
				45718A5122FCAF5C00F78CCC /* HabitCreatorController.swift in Sources */,
				4540FE042302A9DC00D8F990 /* ShowHabitViewController.swift in Sources */,
			);
			runOnlyForDeploymentPostprocessing = 0;
		};
		453FF91A22EB50F600214532 /* Sources */ = {
			isa = PBXSourcesBuildPhase;
			buildActionMask = 2147483647;
			files = (
				453FF92122EB50F600214532 /* NotificationService.swift in Sources */,
			);
			runOnlyForDeploymentPostprocessing = 0;
		};
/* End PBXSourcesBuildPhase section */

/* Begin PBXTargetDependency section */
		453FF92422EB50F600214532 /* PBXTargetDependency */ = {
			isa = PBXTargetDependency;
			target = 453FF91D22EB50F600214532 /* OneSignalNotificationServiceExtension */;
			targetProxy = 453FF92322EB50F600214532 /* PBXContainerItemProxy */;
		};
/* End PBXTargetDependency section */

/* Begin PBXVariantGroup section */
		453FF90D22EB503D00214532 /* LaunchScreen.storyboard */ = {
			isa = PBXVariantGroup;
			children = (
				453FF90E22EB503D00214532 /* Base */,
				45B3AF0B22FF40B600AC43F9 /* en */,
				45B3AF0D22FF40BE00AC43F9 /* tr */,
			);
			name = LaunchScreen.storyboard;
			sourceTree = "<group>";
		};
		45B3AEFE22FF29B500AC43F9 /* Main.storyboard */ = {
			isa = PBXVariantGroup;
			children = (
				45B3AEFD22FF29B500AC43F9 /* Base */,
				45B3AF0A22FF40B500AC43F9 /* en */,
				45B3AF0C22FF40BE00AC43F9 /* tr */,
			);
			name = Main.storyboard;
			sourceTree = "<group>";
		};
		45B3AF1022FF40C600AC43F9 /* Localizable.strings */ = {
			isa = PBXVariantGroup;
			children = (
				45B3AF0F22FF40C600AC43F9 /* en */,
			);
			name = Localizable.strings;
			sourceTree = "<group>";
		};
		45B3AF1522FF40D900AC43F9 /* Localizable.strings */ = {
			isa = PBXVariantGroup;
			children = (
				45B3AF1422FF40D900AC43F9 /* tr */,
			);
			name = Localizable.strings;
			sourceTree = "<group>";
		};
/* End PBXVariantGroup section */

/* Begin XCBuildConfiguration section */
		453FF91122EB503D00214532 /* Debug */ = {
			isa = XCBuildConfiguration;
			buildSettings = {
				ALWAYS_SEARCH_USER_PATHS = NO;
				CLANG_ANALYZER_LOCALIZABILITY_NONLOCALIZED = YES;
				CLANG_ANALYZER_NONNULL = YES;
				CLANG_ANALYZER_NUMBER_OBJECT_CONVERSION = YES_AGGRESSIVE;
				CLANG_CXX_LANGUAGE_STANDARD = "gnu++14";
				CLANG_CXX_LIBRARY = "libc++";
				CLANG_ENABLE_MODULES = YES;
				CLANG_ENABLE_OBJC_ARC = YES;
				CLANG_ENABLE_OBJC_WEAK = YES;
				CLANG_WARN_BLOCK_CAPTURE_AUTORELEASING = YES;
				CLANG_WARN_BOOL_CONVERSION = YES;
				CLANG_WARN_COMMA = YES;
				CLANG_WARN_CONSTANT_CONVERSION = YES;
				CLANG_WARN_DEPRECATED_OBJC_IMPLEMENTATIONS = YES;
				CLANG_WARN_DIRECT_OBJC_ISA_USAGE = YES_ERROR;
				CLANG_WARN_DOCUMENTATION_COMMENTS = YES;
				CLANG_WARN_EMPTY_BODY = YES;
				CLANG_WARN_ENUM_CONVERSION = YES;
				CLANG_WARN_INFINITE_RECURSION = YES;
				CLANG_WARN_INT_CONVERSION = YES;
				CLANG_WARN_NON_LITERAL_NULL_CONVERSION = YES;
				CLANG_WARN_OBJC_IMPLICIT_RETAIN_SELF = YES;
				CLANG_WARN_OBJC_LITERAL_CONVERSION = YES;
				CLANG_WARN_OBJC_ROOT_CLASS = YES_ERROR;
				CLANG_WARN_RANGE_LOOP_ANALYSIS = YES;
				CLANG_WARN_STRICT_PROTOTYPES = YES;
				CLANG_WARN_SUSPICIOUS_MOVE = YES;
				CLANG_WARN_UNGUARDED_AVAILABILITY = YES_AGGRESSIVE;
				CLANG_WARN_UNREACHABLE_CODE = YES;
				CLANG_WARN__DUPLICATE_METHOD_MATCH = YES;
				CODE_SIGN_IDENTITY = "iPhone Developer";
				COPY_PHASE_STRIP = NO;
				DEBUG_INFORMATION_FORMAT = dwarf;
				ENABLE_BITCODE = YES;
				ENABLE_STRICT_OBJC_MSGSEND = YES;
				ENABLE_TESTABILITY = YES;
				GCC_C_LANGUAGE_STANDARD = gnu11;
				GCC_DYNAMIC_NO_PIC = NO;
				GCC_NO_COMMON_BLOCKS = YES;
				GCC_OPTIMIZATION_LEVEL = 0;
				GCC_PREPROCESSOR_DEFINITIONS = (
					"DEBUG=1",
					"$(inherited)",
				);
				GCC_WARN_64_TO_32_BIT_CONVERSION = YES;
				GCC_WARN_ABOUT_RETURN_TYPE = YES_ERROR;
				GCC_WARN_UNDECLARED_SELECTOR = YES;
				GCC_WARN_UNINITIALIZED_AUTOS = YES_AGGRESSIVE;
				GCC_WARN_UNUSED_FUNCTION = YES;
				GCC_WARN_UNUSED_VARIABLE = YES;
				IPHONEOS_DEPLOYMENT_TARGET = 10.2;
				MTL_ENABLE_DEBUG_INFO = INCLUDE_SOURCE;
				MTL_FAST_MATH = YES;
				ONLY_ACTIVE_ARCH = YES;
				SDKROOT = iphoneos;
				SWIFT_ACTIVE_COMPILATION_CONDITIONS = DEBUG;
				SWIFT_OPTIMIZATION_LEVEL = "-Onone";
			};
			name = Debug;
		};
		453FF91222EB503D00214532 /* Release */ = {
			isa = XCBuildConfiguration;
			buildSettings = {
				ALWAYS_SEARCH_USER_PATHS = NO;
				CLANG_ANALYZER_LOCALIZABILITY_NONLOCALIZED = YES;
				CLANG_ANALYZER_NONNULL = YES;
				CLANG_ANALYZER_NUMBER_OBJECT_CONVERSION = YES_AGGRESSIVE;
				CLANG_CXX_LANGUAGE_STANDARD = "gnu++14";
				CLANG_CXX_LIBRARY = "libc++";
				CLANG_ENABLE_MODULES = YES;
				CLANG_ENABLE_OBJC_ARC = YES;
				CLANG_ENABLE_OBJC_WEAK = YES;
				CLANG_WARN_BLOCK_CAPTURE_AUTORELEASING = YES;
				CLANG_WARN_BOOL_CONVERSION = YES;
				CLANG_WARN_COMMA = YES;
				CLANG_WARN_CONSTANT_CONVERSION = YES;
				CLANG_WARN_DEPRECATED_OBJC_IMPLEMENTATIONS = YES;
				CLANG_WARN_DIRECT_OBJC_ISA_USAGE = YES_ERROR;
				CLANG_WARN_DOCUMENTATION_COMMENTS = YES;
				CLANG_WARN_EMPTY_BODY = YES;
				CLANG_WARN_ENUM_CONVERSION = YES;
				CLANG_WARN_INFINITE_RECURSION = YES;
				CLANG_WARN_INT_CONVERSION = YES;
				CLANG_WARN_NON_LITERAL_NULL_CONVERSION = YES;
				CLANG_WARN_OBJC_IMPLICIT_RETAIN_SELF = YES;
				CLANG_WARN_OBJC_LITERAL_CONVERSION = YES;
				CLANG_WARN_OBJC_ROOT_CLASS = YES_ERROR;
				CLANG_WARN_RANGE_LOOP_ANALYSIS = YES;
				CLANG_WARN_STRICT_PROTOTYPES = YES;
				CLANG_WARN_SUSPICIOUS_MOVE = YES;
				CLANG_WARN_UNGUARDED_AVAILABILITY = YES_AGGRESSIVE;
				CLANG_WARN_UNREACHABLE_CODE = YES;
				CLANG_WARN__DUPLICATE_METHOD_MATCH = YES;
				CODE_SIGN_IDENTITY = "iPhone Developer";
				COPY_PHASE_STRIP = NO;
				DEBUG_INFORMATION_FORMAT = "dwarf-with-dsym";
				ENABLE_BITCODE = YES;
				ENABLE_NS_ASSERTIONS = NO;
				ENABLE_STRICT_OBJC_MSGSEND = YES;
				GCC_C_LANGUAGE_STANDARD = gnu11;
				GCC_NO_COMMON_BLOCKS = YES;
				GCC_WARN_64_TO_32_BIT_CONVERSION = YES;
				GCC_WARN_ABOUT_RETURN_TYPE = YES_ERROR;
				GCC_WARN_UNDECLARED_SELECTOR = YES;
				GCC_WARN_UNINITIALIZED_AUTOS = YES_AGGRESSIVE;
				GCC_WARN_UNUSED_FUNCTION = YES;
				GCC_WARN_UNUSED_VARIABLE = YES;
				IPHONEOS_DEPLOYMENT_TARGET = 10.2;
				MTL_ENABLE_DEBUG_INFO = NO;
				MTL_FAST_MATH = YES;
				SDKROOT = iphoneos;
				SWIFT_COMPILATION_MODE = wholemodule;
				SWIFT_OPTIMIZATION_LEVEL = "-O";
				VALIDATE_PRODUCT = YES;
			};
			name = Release;
		};
		453FF91422EB503D00214532 /* Debug */ = {
			isa = XCBuildConfiguration;
			baseConfigurationReference = ACAB98CB9F93C72BCE6EA201 /* Pods-HabitTracker.debug.xcconfig */;
			buildSettings = {
				ALWAYS_EMBED_SWIFT_STANDARD_LIBRARIES = YES;
				ASSETCATALOG_COMPILER_APPICON_NAME = AppIcon;
				CODE_SIGN_ENTITLEMENTS = HabitTracker/HabitTracker.entitlements;
				CODE_SIGN_STYLE = Automatic;
				DEVELOPMENT_TEAM = LEFRQUV8R6;
				ENABLE_BITCODE = YES;
				FRAMEWORK_SEARCH_PATHS = (
					"$(inherited)",
					"$(PROJECT_DIR)",
				);
				INFOPLIST_FILE = HabitTracker/Info.plist;
				LD_RUNPATH_SEARCH_PATHS = (
					"$(inherited)",
					"@executable_path/Frameworks",
				);
				PRODUCT_BUNDLE_IDENTIFIER = com.mustafayuksel.HabitTracker;
				PRODUCT_NAME = "$(TARGET_NAME)";
				SWIFT_VERSION = 4.2;
				TARGETED_DEVICE_FAMILY = "1,2";
			};
			name = Debug;
		};
		453FF91522EB503D00214532 /* Release */ = {
			isa = XCBuildConfiguration;
			baseConfigurationReference = 31FC10C1735A4E1610E59204 /* Pods-HabitTracker.release.xcconfig */;
			buildSettings = {
				ALWAYS_EMBED_SWIFT_STANDARD_LIBRARIES = YES;
				ASSETCATALOG_COMPILER_APPICON_NAME = AppIcon;
				CODE_SIGN_ENTITLEMENTS = HabitTracker/HabitTracker.entitlements;
				CODE_SIGN_STYLE = Automatic;
				DEVELOPMENT_TEAM = LEFRQUV8R6;
				ENABLE_BITCODE = YES;
				FRAMEWORK_SEARCH_PATHS = (
					"$(inherited)",
					"$(PROJECT_DIR)",
				);
				INFOPLIST_FILE = HabitTracker/Info.plist;
				LD_RUNPATH_SEARCH_PATHS = (
					"$(inherited)",
					"@executable_path/Frameworks",
				);
				PRODUCT_BUNDLE_IDENTIFIER = com.mustafayuksel.HabitTracker;
				PRODUCT_NAME = "$(TARGET_NAME)";
				SWIFT_VERSION = 4.2;
				TARGETED_DEVICE_FAMILY = "1,2";
			};
			name = Release;
		};
		453FF92722EB50F600214532 /* Debug */ = {
			isa = XCBuildConfiguration;
			baseConfigurationReference = 1913B5678DCFA4CCA28F6752 /* Pods-HabitTracker-OneSignalNotificationServiceExtension.debug.xcconfig */;
			buildSettings = {
				CODE_SIGN_STYLE = Automatic;
				DEVELOPMENT_TEAM = LEFRQUV8R6;
				ENABLE_BITCODE = YES;
				INFOPLIST_FILE = OneSignal/Info.plist;
				IPHONEOS_DEPLOYMENT_TARGET = 12.1;
				LD_RUNPATH_SEARCH_PATHS = (
					"$(inherited)",
					"@executable_path/Frameworks",
					"@executable_path/../../Frameworks",
				);
				PRODUCT_BUNDLE_IDENTIFIER = com.mustafayuksel.HabitTracker.onesignal;
				PRODUCT_NAME = "$(TARGET_NAME)";
				SKIP_INSTALL = YES;
				SWIFT_VERSION = 4.2;
				TARGETED_DEVICE_FAMILY = "1,2";
			};
			name = Debug;
		};
		453FF92822EB50F600214532 /* Release */ = {
			isa = XCBuildConfiguration;
			baseConfigurationReference = 0940D63D0D99074CF76EBEBE /* Pods-HabitTracker-OneSignalNotificationServiceExtension.release.xcconfig */;
			buildSettings = {
				CODE_SIGN_STYLE = Automatic;
				DEVELOPMENT_TEAM = LEFRQUV8R6;
				ENABLE_BITCODE = YES;
				INFOPLIST_FILE = OneSignal/Info.plist;
				IPHONEOS_DEPLOYMENT_TARGET = 12.1;
				LD_RUNPATH_SEARCH_PATHS = (
					"$(inherited)",
					"@executable_path/Frameworks",
					"@executable_path/../../Frameworks",
				);
				PRODUCT_BUNDLE_IDENTIFIER = com.mustafayuksel.HabitTracker.onesignal;
				PRODUCT_NAME = "$(TARGET_NAME)";
				SKIP_INSTALL = YES;
				SWIFT_VERSION = 4.2;
				TARGETED_DEVICE_FAMILY = "1,2";
			};
			name = Release;
		};
/* End XCBuildConfiguration section */

/* Begin XCConfigurationList section */
		453FF8F922EB503C00214532 /* Build configuration list for PBXProject "HabitTracker" */ = {
			isa = XCConfigurationList;
			buildConfigurations = (
				453FF91122EB503D00214532 /* Debug */,
				453FF91222EB503D00214532 /* Release */,
			);
			defaultConfigurationIsVisible = 0;
			defaultConfigurationName = Release;
		};
		453FF91322EB503D00214532 /* Build configuration list for PBXNativeTarget "HabitTracker" */ = {
			isa = XCConfigurationList;
			buildConfigurations = (
				453FF91422EB503D00214532 /* Debug */,
				453FF91522EB503D00214532 /* Release */,
			);
			defaultConfigurationIsVisible = 0;
			defaultConfigurationName = Release;
		};
		453FF92622EB50F600214532 /* Build configuration list for PBXNativeTarget "OneSignalNotificationServiceExtension" */ = {
			isa = XCConfigurationList;
			buildConfigurations = (
				453FF92722EB50F600214532 /* Debug */,
				453FF92822EB50F600214532 /* Release */,
			);
			defaultConfigurationIsVisible = 0;
			defaultConfigurationName = Release;
		};
/* End XCConfigurationList section */

/* Begin XCVersionGroup section */
		453FF90822EB503C00214532 /* HabitTracker.xcdatamodeld */ = {
			isa = XCVersionGroup;
			children = (
				453FF90922EB503C00214532 /* HabitTracker.xcdatamodel */,
			);
			currentVersion = 453FF90922EB503C00214532 /* HabitTracker.xcdatamodel */;
			path = HabitTracker.xcdatamodeld;
			sourceTree = "<group>";
			versionGroupType = wrapper.xcdatamodel;
		};
/* End XCVersionGroup section */
	};
	rootObject = 453FF8F622EB503C00214532 /* Project object */;
}
