// !$*UTF8*$!
{
	archiveVersion = 1;
	classes = {
	};
	objectVersion = 51;
	objects = {

/* Begin PBXBuildFile section */
		2A05706D25E27DA400C93C67 /* ShowTrophyViewController.swift in Sources */ = {isa = PBXBuildFile; fileRef = 2A05706C25E27DA400C93C67 /* ShowTrophyViewController.swift */; };
		2A17A64125DB0334009F65EF /* TrophyViewController.swift in Sources */ = {isa = PBXBuildFile; fileRef = 2A17A64025DB0334009F65EF /* TrophyViewController.swift */; };
		2A17A64A25DB08A6009F65EF /* Main.storyboard in Resources */ = {isa = PBXBuildFile; fileRef = 45B3AEFE22FF29B500AC43F9 /* Main.storyboard */; };
		2A5D839B25DBDA5A0012FEEB /* CustomTrophyTableViewCell.swift in Sources */ = {isa = PBXBuildFile; fileRef = 2A5D839A25DBDA5A0012FEEB /* CustomTrophyTableViewCell.swift */; };
		2A5D83A125DBDAFB0012FEEB /* CustomTrophyTableViewModel.swift in Sources */ = {isa = PBXBuildFile; fileRef = 2A5D83A025DBDAFB0012FEEB /* CustomTrophyTableViewModel.swift */; };
		2A5D83A725DBDB7B0012FEEB /* Trophy.swift in Sources */ = {isa = PBXBuildFile; fileRef = 2A5D83A625DBDB7B0012FEEB /* Trophy.swift */; };
		2A5D83AD25DBDD550012FEEB /* TrophyWrapper.swift in Sources */ = {isa = PBXBuildFile; fileRef = 2A5D83AC25DBDD550012FEEB /* TrophyWrapper.swift */; };
		2A5D83C725DC5ECA0012FEEB /* UIImage.swift in Sources */ = {isa = PBXBuildFile; fileRef = 2A5D83C625DC5ECA0012FEEB /* UIImage.swift */; };
		2A5D83CD25DC7DF60012FEEB /* TrophyHelper.swift in Sources */ = {isa = PBXBuildFile; fileRef = 2A5D83CC25DC7DF60012FEEB /* TrophyHelper.swift */; };
		2A76337425D6F51600C05AC2 /* CustomMainTableViewModel.swift in Sources */ = {isa = PBXBuildFile; fileRef = 2A76337325D6F51600C05AC2 /* CustomMainTableViewModel.swift */; };
		3F7E10150087B0A2EA456D05 /* Pods_HabitTracker.framework in Frameworks */ = {isa = PBXBuildFile; fileRef = 3625821635243F86DE868B32 /* Pods_HabitTracker.framework */; };
		45272DCD242F8B76002BB751 /* Reachability.swift in Sources */ = {isa = PBXBuildFile; fileRef = 45272DCC242F8B76002BB751 /* Reachability.swift */; };
		452F456B22F627C6009E8210 /* HabitCategorySelectorController.swift in Sources */ = {isa = PBXBuildFile; fileRef = 452F456A22F627C6009E8210 /* HabitCategorySelectorController.swift */; };
		4530A1CF23115C4500947C25 /* NotificationHelper.swift in Sources */ = {isa = PBXBuildFile; fileRef = 4530A1CE23115C4500947C25 /* NotificationHelper.swift */; };
		4533BDBA242CC1C000323CA7 /* CustomShowHabitTableViewCell.swift in Sources */ = {isa = PBXBuildFile; fileRef = 4533BDB9242CC1C000323CA7 /* CustomShowHabitTableViewCell.swift */; };
		4533BDBC242CD07E00323CA7 /* ShowHabitDetailsViewController.swift in Sources */ = {isa = PBXBuildFile; fileRef = 4533BDBB242CD07E00323CA7 /* ShowHabitDetailsViewController.swift */; };
		4533BDBE242CD9AA00323CA7 /* CustomShowHabitDetailsTableViewCell.swift in Sources */ = {isa = PBXBuildFile; fileRef = 4533BDBD242CD9AA00323CA7 /* CustomShowHabitDetailsTableViewCell.swift */; };
		4533BDC0242D40DD00323CA7 /* ApiUtil.swift in Sources */ = {isa = PBXBuildFile; fileRef = 4533BDBF242D40DD00323CA7 /* ApiUtil.swift */; };
		4534C00C24290AE0003AF5E4 /* UIViewController.swift in Sources */ = {isa = PBXBuildFile; fileRef = 4534C00B24290AE0003AF5E4 /* UIViewController.swift */; };
		453BCD2523118A700082EDE1 /* ReminderFrequency.swift in Sources */ = {isa = PBXBuildFile; fileRef = 453BCD2423118A700082EDE1 /* ReminderFrequency.swift */; };
		453FF90222EB503C00214532 /* AppDelegate.swift in Sources */ = {isa = PBXBuildFile; fileRef = 453FF90122EB503C00214532 /* AppDelegate.swift */; };
		453FF90422EB503C00214532 /* ViewController.swift in Sources */ = {isa = PBXBuildFile; fileRef = 453FF90322EB503C00214532 /* ViewController.swift */; };
		453FF90A22EB503C00214532 /* HabitTracker.xcdatamodeld in Sources */ = {isa = PBXBuildFile; fileRef = 453FF90822EB503C00214532 /* HabitTracker.xcdatamodeld */; };
		453FF90C22EB503D00214532 /* Assets.xcassets in Resources */ = {isa = PBXBuildFile; fileRef = 453FF90B22EB503D00214532 /* Assets.xcassets */; };
		453FF90F22EB503D00214532 /* LaunchScreen.storyboard in Resources */ = {isa = PBXBuildFile; fileRef = 453FF90D22EB503D00214532 /* LaunchScreen.storyboard */; };
		453FF91922EB50BF00214532 /* StoreKit.framework in Frameworks */ = {isa = PBXBuildFile; fileRef = 453FF91822EB50BF00214532 /* StoreKit.framework */; };
		453FF92122EB50F600214532 /* NotificationService.swift in Sources */ = {isa = PBXBuildFile; fileRef = 453FF92022EB50F600214532 /* NotificationService.swift */; };
		453FF92522EB50F600214532 /* OneSignalNotificationServiceExtension.appex in Embed App Extensions */ = {isa = PBXBuildFile; fileRef = 453FF91E22EB50F600214532 /* OneSignalNotificationServiceExtension.appex */; settings = {ATTRIBUTES = (RemoveHeadersOnCopy, ); }; };
		4540FE042302A9DC00D8F990 /* ShowHabitViewController.swift in Sources */ = {isa = PBXBuildFile; fileRef = 4540FE032302A9DC00D8F990 /* ShowHabitViewController.swift */; };
		4540FE062302AAC800D8F990 /* DateHelper.swift in Sources */ = {isa = PBXBuildFile; fileRef = 4540FE052302AAC800D8F990 /* DateHelper.swift */; };
		45536860230F275300DD2D77 /* DateHelper.swift in Sources */ = {isa = PBXBuildFile; fileRef = 4540FE052302AAC800D8F990 /* DateHelper.swift */; };
		455368AF230F2BA500DD2D77 /* Localizable.strings in Resources */ = {isa = PBXBuildFile; fileRef = 45B3AF1022FF40C600AC43F9 /* Localizable.strings */; };
		455368B7230F2E7600DD2D77 /* HabitTrackerTests.swift in Sources */ = {isa = PBXBuildFile; fileRef = 455368B6230F2E7600DD2D77 /* HabitTrackerTests.swift */; };
		455368BE230F2E8A00DD2D77 /* DateHelper.swift in Sources */ = {isa = PBXBuildFile; fileRef = 4540FE052302AAC800D8F990 /* DateHelper.swift */; };
		455368C2230F323400DD2D77 /* InfoPlist.strings in Resources */ = {isa = PBXBuildFile; fileRef = 455368C5230F323400DD2D77 /* InfoPlist.strings */; };
		455368C3230F323400DD2D77 /* InfoPlist.strings in Resources */ = {isa = PBXBuildFile; fileRef = 455368C5230F323400DD2D77 /* InfoPlist.strings */; };
		456D3E8B230021FA001C5D87 /* Habit.swift in Sources */ = {isa = PBXBuildFile; fileRef = 456D3E8A230021FA001C5D87 /* Habit.swift */; };
		45718A5122FCAF5C00F78CCC /* HabitCreatorController.swift in Sources */ = {isa = PBXBuildFile; fileRef = 45718A5022FCAF5C00F78CCC /* HabitCreatorController.swift */; };
		45A782062303156D0065C72A /* HabitEditViewController.swift in Sources */ = {isa = PBXBuildFile; fileRef = 45A782052303156D0065C72A /* HabitEditViewController.swift */; };
		45A782082303432C0065C72A /* SettingsViewController.swift in Sources */ = {isa = PBXBuildFile; fileRef = 45A782072303432C0065C72A /* SettingsViewController.swift */; };
		45A89C6C22FF591A00321357 /* DatabaseHelper.swift in Sources */ = {isa = PBXBuildFile; fileRef = 45A89C6B22FF591A00321357 /* DatabaseHelper.swift */; };
		45AFA98B2300A3E600BEE5D8 /* CustomMainTableViewCell.swift in Sources */ = {isa = PBXBuildFile; fileRef = 45AFA98A2300A3E600BEE5D8 /* CustomMainTableViewCell.swift */; };
		45AFEE57231085600027B8E6 /* Assets.xcassets in Resources */ = {isa = PBXBuildFile; fileRef = 453FF90B22EB503D00214532 /* Assets.xcassets */; };
		45B3AEB422FF099700AC43F9 /* HabitTitleSelectorController.swift in Sources */ = {isa = PBXBuildFile; fileRef = 45B3AEB322FF099700AC43F9 /* HabitTitleSelectorController.swift */; };
		45B3AEB622FF0C3E00AC43F9 /* Constants.swift in Sources */ = {isa = PBXBuildFile; fileRef = 45B3AEB522FF0C3E00AC43F9 /* Constants.swift */; };
		45B3AF0E22FF40C600AC43F9 /* Localizable.strings in Resources */ = {isa = PBXBuildFile; fileRef = 45B3AF1022FF40C600AC43F9 /* Localizable.strings */; };
		45B523B32309E29500089212 /* NotificationCenter.framework in Frameworks */ = {isa = PBXBuildFile; fileRef = 45B523B22309E29500089212 /* NotificationCenter.framework */; };
		45B523B62309E29500089212 /* TodayViewController.swift in Sources */ = {isa = PBXBuildFile; fileRef = 45B523B52309E29500089212 /* TodayViewController.swift */; };
		45B523B92309E29500089212 /* MainInterface.storyboard in Resources */ = {isa = PBXBuildFile; fileRef = 45B523B72309E29500089212 /* MainInterface.storyboard */; };
		45B523BD2309E29500089212 /* widget.appex in Embed App Extensions */ = {isa = PBXBuildFile; fileRef = 45B523B12309E29500089212 /* widget.appex */; settings = {ATTRIBUTES = (RemoveHeadersOnCopy, ); }; };
		45B523C32309E36300089212 /* CoreDataStack.swift in Sources */ = {isa = PBXBuildFile; fileRef = 45B523C22309E36300089212 /* CoreDataStack.swift */; };
		45B523C42309E38500089212 /* Constants.swift in Sources */ = {isa = PBXBuildFile; fileRef = 45B3AEB522FF0C3E00AC43F9 /* Constants.swift */; };
		45B523C72309E7C600089212 /* HabitTracker.xcdatamodeld in Resources */ = {isa = PBXBuildFile; fileRef = 453FF90822EB503C00214532 /* HabitTracker.xcdatamodeld */; };
		45BC2E802427663000C58A6D /* StoreReviewHelper.swift in Sources */ = {isa = PBXBuildFile; fileRef = 45B7E8F02321002C00F81879 /* StoreReviewHelper.swift */; };
		45C260F4230C7B0800F3F6EE /* NSCustomPersistentContainer.swift in Sources */ = {isa = PBXBuildFile; fileRef = 45C260F3230C7B0800F3F6EE /* NSCustomPersistentContainer.swift */; };
		45C260F5230C7C0100F3F6EE /* NSCustomPersistentContainer.swift in Sources */ = {isa = PBXBuildFile; fileRef = 45C260F3230C7B0800F3F6EE /* NSCustomPersistentContainer.swift */; };
		45D899E52304254A005B085C /* SettingsObject.swift in Sources */ = {isa = PBXBuildFile; fileRef = 45D899E42304254A005B085C /* SettingsObject.swift */; };
		45DF57022441F435004A4B9F /* AdsHelper.swift in Sources */ = {isa = PBXBuildFile; fileRef = 45DF57012441F435004A4B9F /* AdsHelper.swift */; };
		CC223E2A30FCC7FCA93B3FC6 /* Pods_HabitTracker_OneSignalNotificationServiceExtension.framework in Frameworks */ = {isa = PBXBuildFile; fileRef = FC2BF00138C30BF37D9FCD65 /* Pods_HabitTracker_OneSignalNotificationServiceExtension.framework */; };
/* End PBXBuildFile section */

/* Begin PBXContainerItemProxy section */
		453FF92322EB50F600214532 /* PBXContainerItemProxy */ = {
			isa = PBXContainerItemProxy;
			containerPortal = 453FF8F622EB503C00214532 /* Project object */;
			proxyType = 1;
			remoteGlobalIDString = 453FF91D22EB50F600214532;
			remoteInfo = OneSignal;
		};
		455368B9230F2E7600DD2D77 /* PBXContainerItemProxy */ = {
			isa = PBXContainerItemProxy;
			containerPortal = 453FF8F622EB503C00214532 /* Project object */;
			proxyType = 1;
			remoteGlobalIDString = 453FF8FD22EB503C00214532;
			remoteInfo = HabitTracker;
		};
		45B523BB2309E29500089212 /* PBXContainerItemProxy */ = {
			isa = PBXContainerItemProxy;
			containerPortal = 453FF8F622EB503C00214532 /* Project object */;
			proxyType = 1;
			remoteGlobalIDString = 45B523B02309E29500089212;
			remoteInfo = widget;
		};
/* End PBXContainerItemProxy section */

/* Begin PBXCopyFilesBuildPhase section */
		453FF92922EB50F600214532 /* Embed App Extensions */ = {
			isa = PBXCopyFilesBuildPhase;
			buildActionMask = 2147483647;
			dstPath = "";
			dstSubfolderSpec = 13;
			files = (
				45B523BD2309E29500089212 /* widget.appex in Embed App Extensions */,
				453FF92522EB50F600214532 /* OneSignalNotificationServiceExtension.appex in Embed App Extensions */,
			);
			name = "Embed App Extensions";
			runOnlyForDeploymentPostprocessing = 0;
		};
/* End PBXCopyFilesBuildPhase section */

/* Begin PBXFileReference section */
		2A05706C25E27DA400C93C67 /* ShowTrophyViewController.swift */ = {isa = PBXFileReference; lastKnownFileType = sourcecode.swift; path = ShowTrophyViewController.swift; sourceTree = "<group>"; };
		2A17A64025DB0334009F65EF /* TrophyViewController.swift */ = {isa = PBXFileReference; lastKnownFileType = sourcecode.swift; path = TrophyViewController.swift; sourceTree = "<group>"; };
		2A5D839A25DBDA5A0012FEEB /* CustomTrophyTableViewCell.swift */ = {isa = PBXFileReference; lastKnownFileType = sourcecode.swift; path = CustomTrophyTableViewCell.swift; sourceTree = "<group>"; };
		2A5D83A025DBDAFB0012FEEB /* CustomTrophyTableViewModel.swift */ = {isa = PBXFileReference; lastKnownFileType = sourcecode.swift; path = CustomTrophyTableViewModel.swift; sourceTree = "<group>"; };
		2A5D83A625DBDB7B0012FEEB /* Trophy.swift */ = {isa = PBXFileReference; lastKnownFileType = sourcecode.swift; path = Trophy.swift; sourceTree = "<group>"; };
		2A5D83AC25DBDD550012FEEB /* TrophyWrapper.swift */ = {isa = PBXFileReference; lastKnownFileType = sourcecode.swift; path = TrophyWrapper.swift; sourceTree = "<group>"; };
		2A5D83C625DC5ECA0012FEEB /* UIImage.swift */ = {isa = PBXFileReference; lastKnownFileType = sourcecode.swift; path = UIImage.swift; sourceTree = "<group>"; };
		2A5D83CC25DC7DF60012FEEB /* TrophyHelper.swift */ = {isa = PBXFileReference; lastKnownFileType = sourcecode.swift; path = TrophyHelper.swift; sourceTree = "<group>"; };
		2A6FF1F325F410F800A92FFB /* km */ = {isa = PBXFileReference; lastKnownFileType = text.plist.strings; name = km; path = km.lproj/Localizable.strings; sourceTree = "<group>"; };
		2A6FF1F425F410F800A92FFB /* km */ = {isa = PBXFileReference; lastKnownFileType = text.plist.strings; name = km; path = km.lproj/InfoPlist.strings; sourceTree = "<group>"; };
		2A6FF1F525F4110F00A92FFB /* km-KH */ = {isa = PBXFileReference; lastKnownFileType = text.plist.strings; name = "km-KH"; path = "km-KH.lproj/Localizable.strings"; sourceTree = "<group>"; };
		2A6FF1F625F4110F00A92FFB /* km-KH */ = {isa = PBXFileReference; lastKnownFileType = text.plist.strings; name = "km-KH"; path = "km-KH.lproj/InfoPlist.strings"; sourceTree = "<group>"; };
		2A6FF1F725F4119F00A92FFB /* en-AU */ = {isa = PBXFileReference; lastKnownFileType = text.plist.strings; name = "en-AU"; path = "en-AU.lproj/InfoPlist.strings"; sourceTree = "<group>"; };
		2A6FF1F825F411A100A92FFB /* en-GB */ = {isa = PBXFileReference; lastKnownFileType = text.plist.strings; name = "en-GB"; path = "en-GB.lproj/InfoPlist.strings"; sourceTree = "<group>"; };
		2A76337325D6F51600C05AC2 /* CustomMainTableViewModel.swift */ = {isa = PBXFileReference; lastKnownFileType = sourcecode.swift; path = CustomMainTableViewModel.swift; sourceTree = "<group>"; };
		2AFEF15E25D5D641006DC809 /* GoogleAppMeasurement.xcframework */ = {isa = PBXFileReference; lastKnownFileType = wrapper.xcframework; name = GoogleAppMeasurement.xcframework; path = Pods/GoogleAppMeasurement/Frameworks/GoogleAppMeasurement.xcframework; sourceTree = "<group>"; };
		2AFEF16025D5D641006DC809 /* GoogleMobileAds.xcframework */ = {isa = PBXFileReference; lastKnownFileType = wrapper.xcframework; name = GoogleMobileAds.xcframework; path = "Pods/Google-Mobile-Ads-SDK/Frameworks/GoogleMobileAdsFramework-Current/GoogleMobileAds.xcframework"; sourceTree = "<group>"; };
		3625821635243F86DE868B32 /* Pods_HabitTracker.framework */ = {isa = PBXFileReference; explicitFileType = wrapper.framework; includeInIndex = 0; path = Pods_HabitTracker.framework; sourceTree = BUILT_PRODUCTS_DIR; };
		42864F86941A5B318A9D92F1 /* Pods-HabitTracker-OneSignalNotificationServiceExtension.release.xcconfig */ = {isa = PBXFileReference; includeInIndex = 1; lastKnownFileType = text.xcconfig; name = "Pods-HabitTracker-OneSignalNotificationServiceExtension.release.xcconfig"; path = "Target Support Files/Pods-HabitTracker-OneSignalNotificationServiceExtension/Pods-HabitTracker-OneSignalNotificationServiceExtension.release.xcconfig"; sourceTree = "<group>"; };
		45272DCC242F8B76002BB751 /* Reachability.swift */ = {isa = PBXFileReference; lastKnownFileType = sourcecode.swift; path = Reachability.swift; sourceTree = "<group>"; };
		452F456A22F627C6009E8210 /* HabitCategorySelectorController.swift */ = {isa = PBXFileReference; lastKnownFileType = sourcecode.swift; path = HabitCategorySelectorController.swift; sourceTree = "<group>"; };
		4530A1CE23115C4500947C25 /* NotificationHelper.swift */ = {isa = PBXFileReference; lastKnownFileType = sourcecode.swift; path = NotificationHelper.swift; sourceTree = "<group>"; };
		4533BDB9242CC1C000323CA7 /* CustomShowHabitTableViewCell.swift */ = {isa = PBXFileReference; lastKnownFileType = sourcecode.swift; path = CustomShowHabitTableViewCell.swift; sourceTree = "<group>"; };
		4533BDBB242CD07E00323CA7 /* ShowHabitDetailsViewController.swift */ = {isa = PBXFileReference; lastKnownFileType = sourcecode.swift; path = ShowHabitDetailsViewController.swift; sourceTree = "<group>"; };
		4533BDBD242CD9AA00323CA7 /* CustomShowHabitDetailsTableViewCell.swift */ = {isa = PBXFileReference; lastKnownFileType = sourcecode.swift; path = CustomShowHabitDetailsTableViewCell.swift; sourceTree = "<group>"; };
		4533BDBF242D40DD00323CA7 /* ApiUtil.swift */ = {isa = PBXFileReference; lastKnownFileType = sourcecode.swift; path = ApiUtil.swift; sourceTree = "<group>"; };
		4534C00B24290AE0003AF5E4 /* UIViewController.swift */ = {isa = PBXFileReference; lastKnownFileType = sourcecode.swift; path = UIViewController.swift; sourceTree = "<group>"; };
		453BCD2423118A700082EDE1 /* ReminderFrequency.swift */ = {isa = PBXFileReference; lastKnownFileType = sourcecode.swift; path = ReminderFrequency.swift; sourceTree = "<group>"; };
		453FF8FE22EB503C00214532 /* HabitTracker.app */ = {isa = PBXFileReference; explicitFileType = wrapper.application; includeInIndex = 0; path = HabitTracker.app; sourceTree = BUILT_PRODUCTS_DIR; };
		453FF90122EB503C00214532 /* AppDelegate.swift */ = {isa = PBXFileReference; lastKnownFileType = sourcecode.swift; path = AppDelegate.swift; sourceTree = "<group>"; };
		453FF90322EB503C00214532 /* ViewController.swift */ = {isa = PBXFileReference; lastKnownFileType = sourcecode.swift; path = ViewController.swift; sourceTree = "<group>"; };
		453FF90922EB503C00214532 /* HabitTracker.xcdatamodel */ = {isa = PBXFileReference; lastKnownFileType = wrapper.xcdatamodel; path = HabitTracker.xcdatamodel; sourceTree = "<group>"; };
		453FF90B22EB503D00214532 /* Assets.xcassets */ = {isa = PBXFileReference; lastKnownFileType = folder.assetcatalog; path = Assets.xcassets; sourceTree = "<group>"; };
		453FF90E22EB503D00214532 /* Base */ = {isa = PBXFileReference; lastKnownFileType = file.storyboard; name = Base; path = Base.lproj/LaunchScreen.storyboard; sourceTree = "<group>"; };
		453FF91022EB503D00214532 /* Info.plist */ = {isa = PBXFileReference; lastKnownFileType = text.plist.xml; path = Info.plist; sourceTree = "<group>"; };
		453FF91622EB50B400214532 /* HabitTracker.entitlements */ = {isa = PBXFileReference; lastKnownFileType = text.plist.entitlements; path = HabitTracker.entitlements; sourceTree = "<group>"; };
		453FF91822EB50BF00214532 /* StoreKit.framework */ = {isa = PBXFileReference; lastKnownFileType = wrapper.framework; name = StoreKit.framework; path = System/Library/Frameworks/StoreKit.framework; sourceTree = SDKROOT; };
		453FF91E22EB50F600214532 /* OneSignalNotificationServiceExtension.appex */ = {isa = PBXFileReference; explicitFileType = "wrapper.app-extension"; includeInIndex = 0; path = OneSignalNotificationServiceExtension.appex; sourceTree = BUILT_PRODUCTS_DIR; };
		453FF92022EB50F600214532 /* NotificationService.swift */ = {isa = PBXFileReference; lastKnownFileType = sourcecode.swift; path = NotificationService.swift; sourceTree = "<group>"; };
		453FF92222EB50F600214532 /* Info.plist */ = {isa = PBXFileReference; lastKnownFileType = text.plist.xml; path = Info.plist; sourceTree = "<group>"; };
		4540FE032302A9DC00D8F990 /* ShowHabitViewController.swift */ = {isa = PBXFileReference; lastKnownFileType = sourcecode.swift; path = ShowHabitViewController.swift; sourceTree = "<group>"; };
		4540FE052302AAC800D8F990 /* DateHelper.swift */ = {isa = PBXFileReference; lastKnownFileType = sourcecode.swift; path = DateHelper.swift; sourceTree = "<group>"; };
		455368B4230F2E7600DD2D77 /* HabitTrackerTests.xctest */ = {isa = PBXFileReference; explicitFileType = wrapper.cfbundle; includeInIndex = 0; path = HabitTrackerTests.xctest; sourceTree = BUILT_PRODUCTS_DIR; };
		455368B6230F2E7600DD2D77 /* HabitTrackerTests.swift */ = {isa = PBXFileReference; lastKnownFileType = sourcecode.swift; path = HabitTrackerTests.swift; sourceTree = "<group>"; };
		455368B8230F2E7600DD2D77 /* Info.plist */ = {isa = PBXFileReference; lastKnownFileType = text.plist.xml; path = Info.plist; sourceTree = "<group>"; };
		455368C4230F323400DD2D77 /* en */ = {isa = PBXFileReference; lastKnownFileType = text.plist.strings; name = en; path = en.lproj/InfoPlist.strings; sourceTree = "<group>"; };
		4567C6972433A31A00061218 /* en-GB */ = {isa = PBXFileReference; lastKnownFileType = text.plist.strings; name = "en-GB"; path = "en-GB.lproj/Localizable.strings"; sourceTree = "<group>"; };
		4567C6982433A33800061218 /* en-AU */ = {isa = PBXFileReference; lastKnownFileType = text.plist.strings; name = "en-AU"; path = "en-AU.lproj/Localizable.strings"; sourceTree = "<group>"; };
		4567C6992433A34200061218 /* en-IN */ = {isa = PBXFileReference; lastKnownFileType = text.plist.strings; name = "en-IN"; path = "en-IN.lproj/Localizable.strings"; sourceTree = "<group>"; };
		4567C69A2433A34300061218 /* en-IN */ = {isa = PBXFileReference; lastKnownFileType = text.plist.strings; name = "en-IN"; path = "en-IN.lproj/InfoPlist.strings"; sourceTree = "<group>"; };
		4567C69B2433A35C00061218 /* zh-Hans */ = {isa = PBXFileReference; lastKnownFileType = text.plist.strings; name = "zh-Hans"; path = "zh-Hans.lproj/Localizable.strings"; sourceTree = "<group>"; };
		4567C69C2433A35C00061218 /* zh-Hans */ = {isa = PBXFileReference; lastKnownFileType = text.plist.strings; name = "zh-Hans"; path = "zh-Hans.lproj/InfoPlist.strings"; sourceTree = "<group>"; };
		4567C69D2433A36F00061218 /* ja */ = {isa = PBXFileReference; lastKnownFileType = text.plist.strings; name = ja; path = ja.lproj/Localizable.strings; sourceTree = "<group>"; };
		4567C69E2433A36F00061218 /* ja */ = {isa = PBXFileReference; lastKnownFileType = text.plist.strings; name = ja; path = ja.lproj/InfoPlist.strings; sourceTree = "<group>"; };
		4567C69F2433A37800061218 /* es */ = {isa = PBXFileReference; lastKnownFileType = text.plist.strings; name = es; path = es.lproj/Localizable.strings; sourceTree = "<group>"; };
		4567C6A02433A37800061218 /* es */ = {isa = PBXFileReference; lastKnownFileType = text.plist.strings; name = es; path = es.lproj/InfoPlist.strings; sourceTree = "<group>"; };
		4567C6A12433A38500061218 /* es-419 */ = {isa = PBXFileReference; lastKnownFileType = text.plist.strings; name = "es-419"; path = "es-419.lproj/Localizable.strings"; sourceTree = "<group>"; };
		4567C6A22433A38600061218 /* es-419 */ = {isa = PBXFileReference; lastKnownFileType = text.plist.strings; name = "es-419"; path = "es-419.lproj/InfoPlist.strings"; sourceTree = "<group>"; };
		4567C6A32433A38D00061218 /* fr */ = {isa = PBXFileReference; lastKnownFileType = text.plist.strings; name = fr; path = fr.lproj/Localizable.strings; sourceTree = "<group>"; };
		4567C6A42433A38D00061218 /* fr */ = {isa = PBXFileReference; lastKnownFileType = text.plist.strings; name = fr; path = fr.lproj/InfoPlist.strings; sourceTree = "<group>"; };
		4567C6A52433A39600061218 /* fr-CA */ = {isa = PBXFileReference; lastKnownFileType = text.plist.strings; name = "fr-CA"; path = "fr-CA.lproj/Localizable.strings"; sourceTree = "<group>"; };
		4567C6A62433A39600061218 /* fr-CA */ = {isa = PBXFileReference; lastKnownFileType = text.plist.strings; name = "fr-CA"; path = "fr-CA.lproj/InfoPlist.strings"; sourceTree = "<group>"; };
		4567C6A72433A39E00061218 /* de */ = {isa = PBXFileReference; lastKnownFileType = text.plist.strings; name = de; path = de.lproj/Localizable.strings; sourceTree = "<group>"; };
		4567C6A82433A39E00061218 /* de */ = {isa = PBXFileReference; lastKnownFileType = text.plist.strings; name = de; path = de.lproj/InfoPlist.strings; sourceTree = "<group>"; };
		4567C6A92433A3A600061218 /* ru */ = {isa = PBXFileReference; lastKnownFileType = text.plist.strings; name = ru; path = ru.lproj/Localizable.strings; sourceTree = "<group>"; };
		4567C6AA2433A3A700061218 /* ru */ = {isa = PBXFileReference; lastKnownFileType = text.plist.strings; name = ru; path = ru.lproj/InfoPlist.strings; sourceTree = "<group>"; };
		4567C6AB2433A3B500061218 /* pt-BR */ = {isa = PBXFileReference; lastKnownFileType = text.plist.strings; name = "pt-BR"; path = "pt-BR.lproj/Localizable.strings"; sourceTree = "<group>"; };
		4567C6AC2433A3B500061218 /* pt-BR */ = {isa = PBXFileReference; lastKnownFileType = text.plist.strings; name = "pt-BR"; path = "pt-BR.lproj/InfoPlist.strings"; sourceTree = "<group>"; };
		4567C6AD2433A3BE00061218 /* it */ = {isa = PBXFileReference; lastKnownFileType = text.plist.strings; name = it; path = it.lproj/Localizable.strings; sourceTree = "<group>"; };
		4567C6AE2433A3BE00061218 /* it */ = {isa = PBXFileReference; lastKnownFileType = text.plist.strings; name = it; path = it.lproj/InfoPlist.strings; sourceTree = "<group>"; };
		4567C6AF2433A3C800061218 /* ko */ = {isa = PBXFileReference; lastKnownFileType = text.plist.strings; name = ko; path = ko.lproj/Localizable.strings; sourceTree = "<group>"; };
		4567C6B02433A3C800061218 /* ko */ = {isa = PBXFileReference; lastKnownFileType = text.plist.strings; name = ko; path = ko.lproj/InfoPlist.strings; sourceTree = "<group>"; };
		4567C6B12433A3D800061218 /* pt-PT */ = {isa = PBXFileReference; lastKnownFileType = text.plist.strings; name = "pt-PT"; path = "pt-PT.lproj/Localizable.strings"; sourceTree = "<group>"; };
		4567C6B22433A3D900061218 /* pt-PT */ = {isa = PBXFileReference; lastKnownFileType = text.plist.strings; name = "pt-PT"; path = "pt-PT.lproj/InfoPlist.strings"; sourceTree = "<group>"; };
		4567C6B32433A3E100061218 /* nl */ = {isa = PBXFileReference; lastKnownFileType = text.plist.strings; name = nl; path = nl.lproj/Localizable.strings; sourceTree = "<group>"; };
		4567C6B42433A3E100061218 /* nl */ = {isa = PBXFileReference; lastKnownFileType = text.plist.strings; name = nl; path = nl.lproj/InfoPlist.strings; sourceTree = "<group>"; };
		4567C6B52433A3EB00061218 /* ar */ = {isa = PBXFileReference; lastKnownFileType = text.plist.strings; name = ar; path = ar.lproj/Localizable.strings; sourceTree = "<group>"; };
		4567C6B62433A3EB00061218 /* ar */ = {isa = PBXFileReference; lastKnownFileType = text.plist.strings; name = ar; path = ar.lproj/InfoPlist.strings; sourceTree = "<group>"; };
		4567C6B72433A3F600061218 /* th */ = {isa = PBXFileReference; lastKnownFileType = text.plist.strings; name = th; path = th.lproj/Localizable.strings; sourceTree = "<group>"; };
		4567C6B82433A3F600061218 /* th */ = {isa = PBXFileReference; lastKnownFileType = text.plist.strings; name = th; path = th.lproj/InfoPlist.strings; sourceTree = "<group>"; };
		4567C6B92433A40700061218 /* sv */ = {isa = PBXFileReference; lastKnownFileType = text.plist.strings; name = sv; path = sv.lproj/Localizable.strings; sourceTree = "<group>"; };
		4567C6BA2433A40700061218 /* sv */ = {isa = PBXFileReference; lastKnownFileType = text.plist.strings; name = sv; path = sv.lproj/InfoPlist.strings; sourceTree = "<group>"; };
		4567C6BB2433A41300061218 /* da */ = {isa = PBXFileReference; lastKnownFileType = text.plist.strings; name = da; path = da.lproj/Localizable.strings; sourceTree = "<group>"; };
		4567C6BC2433A41300061218 /* da */ = {isa = PBXFileReference; lastKnownFileType = text.plist.strings; name = da; path = da.lproj/InfoPlist.strings; sourceTree = "<group>"; };
		4567C6BD2433A41E00061218 /* vi */ = {isa = PBXFileReference; lastKnownFileType = text.plist.strings; name = vi; path = vi.lproj/Localizable.strings; sourceTree = "<group>"; };
		4567C6BE2433A41E00061218 /* vi */ = {isa = PBXFileReference; lastKnownFileType = text.plist.strings; name = vi; path = vi.lproj/InfoPlist.strings; sourceTree = "<group>"; };
		4567C6BF2433A42700061218 /* nb */ = {isa = PBXFileReference; lastKnownFileType = text.plist.strings; name = nb; path = nb.lproj/Localizable.strings; sourceTree = "<group>"; };
		4567C6C02433A42700061218 /* nb */ = {isa = PBXFileReference; lastKnownFileType = text.plist.strings; name = nb; path = nb.lproj/InfoPlist.strings; sourceTree = "<group>"; };
		4567C6C12433A42F00061218 /* pl */ = {isa = PBXFileReference; lastKnownFileType = text.plist.strings; name = pl; path = pl.lproj/Localizable.strings; sourceTree = "<group>"; };
		4567C6C22433A42F00061218 /* pl */ = {isa = PBXFileReference; lastKnownFileType = text.plist.strings; name = pl; path = pl.lproj/InfoPlist.strings; sourceTree = "<group>"; };
		4567C6C32433A43700061218 /* fi */ = {isa = PBXFileReference; lastKnownFileType = text.plist.strings; name = fi; path = fi.lproj/Localizable.strings; sourceTree = "<group>"; };
		4567C6C42433A43800061218 /* fi */ = {isa = PBXFileReference; lastKnownFileType = text.plist.strings; name = fi; path = fi.lproj/InfoPlist.strings; sourceTree = "<group>"; };
		4567C6C52433A44300061218 /* id */ = {isa = PBXFileReference; lastKnownFileType = text.plist.strings; name = id; path = id.lproj/Localizable.strings; sourceTree = "<group>"; };
		4567C6C62433A44300061218 /* id */ = {isa = PBXFileReference; lastKnownFileType = text.plist.strings; name = id; path = id.lproj/InfoPlist.strings; sourceTree = "<group>"; };
		4567C6C72433A44F00061218 /* he */ = {isa = PBXFileReference; lastKnownFileType = text.plist.strings; name = he; path = he.lproj/Localizable.strings; sourceTree = "<group>"; };
		4567C6C82433A45000061218 /* he */ = {isa = PBXFileReference; lastKnownFileType = text.plist.strings; name = he; path = he.lproj/InfoPlist.strings; sourceTree = "<group>"; };
		4567C6C92433A45700061218 /* el */ = {isa = PBXFileReference; lastKnownFileType = text.plist.strings; name = el; path = el.lproj/Localizable.strings; sourceTree = "<group>"; };
		4567C6CA2433A45700061218 /* el */ = {isa = PBXFileReference; lastKnownFileType = text.plist.strings; name = el; path = el.lproj/InfoPlist.strings; sourceTree = "<group>"; };
		4567C6CB2433A46200061218 /* ro */ = {isa = PBXFileReference; lastKnownFileType = text.plist.strings; name = ro; path = ro.lproj/Localizable.strings; sourceTree = "<group>"; };
		4567C6CC2433A46200061218 /* ro */ = {isa = PBXFileReference; lastKnownFileType = text.plist.strings; name = ro; path = ro.lproj/InfoPlist.strings; sourceTree = "<group>"; };
		4567C6CD2433A46B00061218 /* hu */ = {isa = PBXFileReference; lastKnownFileType = text.plist.strings; name = hu; path = hu.lproj/Localizable.strings; sourceTree = "<group>"; };
		4567C6CE2433A46B00061218 /* hu */ = {isa = PBXFileReference; lastKnownFileType = text.plist.strings; name = hu; path = hu.lproj/InfoPlist.strings; sourceTree = "<group>"; };
		4567C6CF2433A47500061218 /* cs */ = {isa = PBXFileReference; lastKnownFileType = text.plist.strings; name = cs; path = cs.lproj/Localizable.strings; sourceTree = "<group>"; };
		4567C6D02433A47600061218 /* cs */ = {isa = PBXFileReference; lastKnownFileType = text.plist.strings; name = cs; path = cs.lproj/InfoPlist.strings; sourceTree = "<group>"; };
		4567C6D12433A47D00061218 /* ca */ = {isa = PBXFileReference; lastKnownFileType = text.plist.strings; name = ca; path = ca.lproj/Localizable.strings; sourceTree = "<group>"; };
		4567C6D22433A47E00061218 /* ca */ = {isa = PBXFileReference; lastKnownFileType = text.plist.strings; name = ca; path = ca.lproj/InfoPlist.strings; sourceTree = "<group>"; };
		4567C6D32433A48800061218 /* sk */ = {isa = PBXFileReference; lastKnownFileType = text.plist.strings; name = sk; path = sk.lproj/Localizable.strings; sourceTree = "<group>"; };
		4567C6D42433A48900061218 /* sk */ = {isa = PBXFileReference; lastKnownFileType = text.plist.strings; name = sk; path = sk.lproj/InfoPlist.strings; sourceTree = "<group>"; };
		4567C6D52433A49200061218 /* uk */ = {isa = PBXFileReference; lastKnownFileType = text.plist.strings; name = uk; path = uk.lproj/Localizable.strings; sourceTree = "<group>"; };
		4567C6D62433A49300061218 /* uk */ = {isa = PBXFileReference; lastKnownFileType = text.plist.strings; name = uk; path = uk.lproj/InfoPlist.strings; sourceTree = "<group>"; };
		4567C6D72433A49A00061218 /* hr */ = {isa = PBXFileReference; lastKnownFileType = text.plist.strings; name = hr; path = hr.lproj/Localizable.strings; sourceTree = "<group>"; };
		4567C6D82433A49B00061218 /* hr */ = {isa = PBXFileReference; lastKnownFileType = text.plist.strings; name = hr; path = hr.lproj/InfoPlist.strings; sourceTree = "<group>"; };
		4567C6D92433A4AB00061218 /* ms */ = {isa = PBXFileReference; lastKnownFileType = text.plist.strings; name = ms; path = ms.lproj/Localizable.strings; sourceTree = "<group>"; };
		4567C6DA2433A4AC00061218 /* ms */ = {isa = PBXFileReference; lastKnownFileType = text.plist.strings; name = ms; path = ms.lproj/InfoPlist.strings; sourceTree = "<group>"; };
		4567C6DB2433A4B300061218 /* hi */ = {isa = PBXFileReference; lastKnownFileType = text.plist.strings; name = hi; path = hi.lproj/Localizable.strings; sourceTree = "<group>"; };
		4567C6DC2433A4B400061218 /* hi */ = {isa = PBXFileReference; lastKnownFileType = text.plist.strings; name = hi; path = hi.lproj/InfoPlist.strings; sourceTree = "<group>"; };
		4567C6DD2433A4CC00061218 /* hy */ = {isa = PBXFileReference; lastKnownFileType = text.plist.strings; name = hy; path = hy.lproj/Localizable.strings; sourceTree = "<group>"; };
		4567C6DE2433A4CD00061218 /* hy */ = {isa = PBXFileReference; lastKnownFileType = text.plist.strings; name = hy; path = hy.lproj/InfoPlist.strings; sourceTree = "<group>"; };
		4567C6DF2433A4DC00061218 /* az */ = {isa = PBXFileReference; lastKnownFileType = text.plist.strings; name = az; path = az.lproj/Localizable.strings; sourceTree = "<group>"; };
		4567C6E02433A4DD00061218 /* az */ = {isa = PBXFileReference; lastKnownFileType = text.plist.strings; name = az; path = az.lproj/InfoPlist.strings; sourceTree = "<group>"; };
		4567C6E12433A57700061218 /* tr */ = {isa = PBXFileReference; lastKnownFileType = text.plist.strings; name = tr; path = tr.lproj/Localizable.strings; sourceTree = "<group>"; };
		4567C6E22433A57800061218 /* tr */ = {isa = PBXFileReference; lastKnownFileType = text.plist.strings; name = tr; path = tr.lproj/InfoPlist.strings; sourceTree = "<group>"; };
		456D3E8A230021FA001C5D87 /* Habit.swift */ = {isa = PBXFileReference; lastKnownFileType = sourcecode.swift; path = Habit.swift; sourceTree = "<group>"; };
		45718A5022FCAF5C00F78CCC /* HabitCreatorController.swift */ = {isa = PBXFileReference; lastKnownFileType = sourcecode.swift; path = HabitCreatorController.swift; sourceTree = "<group>"; };
		45A782052303156D0065C72A /* HabitEditViewController.swift */ = {isa = PBXFileReference; lastKnownFileType = sourcecode.swift; path = HabitEditViewController.swift; sourceTree = "<group>"; };
		45A782072303432C0065C72A /* SettingsViewController.swift */ = {isa = PBXFileReference; lastKnownFileType = sourcecode.swift; path = SettingsViewController.swift; sourceTree = "<group>"; };
		45A89C6B22FF591A00321357 /* DatabaseHelper.swift */ = {isa = PBXFileReference; lastKnownFileType = sourcecode.swift; path = DatabaseHelper.swift; sourceTree = "<group>"; };
		45AFA98A2300A3E600BEE5D8 /* CustomMainTableViewCell.swift */ = {isa = PBXFileReference; lastKnownFileType = sourcecode.swift; path = CustomMainTableViewCell.swift; sourceTree = "<group>"; };
		45B3AEB322FF099700AC43F9 /* HabitTitleSelectorController.swift */ = {isa = PBXFileReference; lastKnownFileType = sourcecode.swift; path = HabitTitleSelectorController.swift; sourceTree = "<group>"; };
		45B3AEB522FF0C3E00AC43F9 /* Constants.swift */ = {isa = PBXFileReference; lastKnownFileType = sourcecode.swift; path = Constants.swift; sourceTree = "<group>"; };
		45B3AEFD22FF29B500AC43F9 /* Base */ = {isa = PBXFileReference; lastKnownFileType = file.storyboard; name = Base; path = Base.lproj/Main.storyboard; sourceTree = "<group>"; };
		45B3AF0A22FF40B500AC43F9 /* en */ = {isa = PBXFileReference; lastKnownFileType = text.plist.strings; name = en; path = en.lproj/Main.strings; sourceTree = "<group>"; };
		45B3AF0B22FF40B600AC43F9 /* en */ = {isa = PBXFileReference; lastKnownFileType = text.plist.strings; name = en; path = en.lproj/LaunchScreen.strings; sourceTree = "<group>"; };
		45B3AF0F22FF40C600AC43F9 /* en */ = {isa = PBXFileReference; lastKnownFileType = text.plist.strings; name = en; path = en.lproj/Localizable.strings; sourceTree = "<group>"; };
		45B523B12309E29500089212 /* widget.appex */ = {isa = PBXFileReference; explicitFileType = "wrapper.app-extension"; includeInIndex = 0; path = widget.appex; sourceTree = BUILT_PRODUCTS_DIR; };
		45B523B22309E29500089212 /* NotificationCenter.framework */ = {isa = PBXFileReference; lastKnownFileType = wrapper.framework; name = NotificationCenter.framework; path = System/Library/Frameworks/NotificationCenter.framework; sourceTree = SDKROOT; };
		45B523B52309E29500089212 /* TodayViewController.swift */ = {isa = PBXFileReference; lastKnownFileType = sourcecode.swift; path = TodayViewController.swift; sourceTree = "<group>"; };
		45B523B82309E29500089212 /* Base */ = {isa = PBXFileReference; lastKnownFileType = file.storyboard; name = Base; path = Base.lproj/MainInterface.storyboard; sourceTree = "<group>"; };
		45B523BA2309E29500089212 /* Info.plist */ = {isa = PBXFileReference; lastKnownFileType = text.plist.xml; path = Info.plist; sourceTree = "<group>"; };
		45B523C12309E2EF00089212 /* widget.entitlements */ = {isa = PBXFileReference; lastKnownFileType = text.plist.entitlements; path = widget.entitlements; sourceTree = "<group>"; };
		45B523C22309E36300089212 /* CoreDataStack.swift */ = {isa = PBXFileReference; lastKnownFileType = sourcecode.swift; path = CoreDataStack.swift; sourceTree = "<group>"; };
		45B7E8F02321002C00F81879 /* StoreReviewHelper.swift */ = {isa = PBXFileReference; lastKnownFileType = sourcecode.swift; path = StoreReviewHelper.swift; sourceTree = "<group>"; };
		45C260F3230C7B0800F3F6EE /* NSCustomPersistentContainer.swift */ = {isa = PBXFileReference; lastKnownFileType = sourcecode.swift; path = NSCustomPersistentContainer.swift; sourceTree = "<group>"; };
		45D2F30C2313026A00F40231 /* OneSignalNotificationServiceExtension.entitlements */ = {isa = PBXFileReference; lastKnownFileType = text.plist.entitlements; path = OneSignalNotificationServiceExtension.entitlements; sourceTree = "<group>"; };
		45D899E42304254A005B085C /* SettingsObject.swift */ = {isa = PBXFileReference; lastKnownFileType = sourcecode.swift; path = SettingsObject.swift; sourceTree = "<group>"; };
		45DF57012441F435004A4B9F /* AdsHelper.swift */ = {isa = PBXFileReference; lastKnownFileType = sourcecode.swift; path = AdsHelper.swift; sourceTree = "<group>"; };
		A1BCF4408208AD123269A0B0 /* Pods-HabitTracker-OneSignalNotificationServiceExtension.debug.xcconfig */ = {isa = PBXFileReference; includeInIndex = 1; lastKnownFileType = text.xcconfig; name = "Pods-HabitTracker-OneSignalNotificationServiceExtension.debug.xcconfig"; path = "Target Support Files/Pods-HabitTracker-OneSignalNotificationServiceExtension/Pods-HabitTracker-OneSignalNotificationServiceExtension.debug.xcconfig"; sourceTree = "<group>"; };
		A2C93A484D4900A279606696 /* Pods-HabitTracker.debug.xcconfig */ = {isa = PBXFileReference; includeInIndex = 1; lastKnownFileType = text.xcconfig; name = "Pods-HabitTracker.debug.xcconfig"; path = "Target Support Files/Pods-HabitTracker/Pods-HabitTracker.debug.xcconfig"; sourceTree = "<group>"; };
		FB44F67FCF89E13DA80C8385 /* Pods-HabitTracker.release.xcconfig */ = {isa = PBXFileReference; includeInIndex = 1; lastKnownFileType = text.xcconfig; name = "Pods-HabitTracker.release.xcconfig"; path = "Target Support Files/Pods-HabitTracker/Pods-HabitTracker.release.xcconfig"; sourceTree = "<group>"; };
		FC2BF00138C30BF37D9FCD65 /* Pods_HabitTracker_OneSignalNotificationServiceExtension.framework */ = {isa = PBXFileReference; explicitFileType = wrapper.framework; includeInIndex = 0; path = Pods_HabitTracker_OneSignalNotificationServiceExtension.framework; sourceTree = BUILT_PRODUCTS_DIR; };
/* End PBXFileReference section */

/* Begin PBXFrameworksBuildPhase section */
		453FF8FB22EB503C00214532 /* Frameworks */ = {
			isa = PBXFrameworksBuildPhase;
			buildActionMask = 2147483647;
			files = (
				453FF91922EB50BF00214532 /* StoreKit.framework in Frameworks */,
				3F7E10150087B0A2EA456D05 /* Pods_HabitTracker.framework in Frameworks */,
			);
			runOnlyForDeploymentPostprocessing = 0;
		};
		453FF91B22EB50F600214532 /* Frameworks */ = {
			isa = PBXFrameworksBuildPhase;
			buildActionMask = 2147483647;
			files = (
				CC223E2A30FCC7FCA93B3FC6 /* Pods_HabitTracker_OneSignalNotificationServiceExtension.framework in Frameworks */,
			);
			runOnlyForDeploymentPostprocessing = 0;
		};
		455368B1230F2E7600DD2D77 /* Frameworks */ = {
			isa = PBXFrameworksBuildPhase;
			buildActionMask = 2147483647;
			files = (
			);
			runOnlyForDeploymentPostprocessing = 0;
		};
		45B523AE2309E29500089212 /* Frameworks */ = {
			isa = PBXFrameworksBuildPhase;
			buildActionMask = 2147483647;
			files = (
				45B523B32309E29500089212 /* NotificationCenter.framework in Frameworks */,
			);
			runOnlyForDeploymentPostprocessing = 0;
		};
/* End PBXFrameworksBuildPhase section */

/* Begin PBXGroup section */
		2A76337225D6F4E700C05AC2 /* View Models */ = {
			isa = PBXGroup;
			children = (
				2A76337325D6F51600C05AC2 /* CustomMainTableViewModel.swift */,
				2A5D83A025DBDAFB0012FEEB /* CustomTrophyTableViewModel.swift */,
			);
			path = "View Models";
			sourceTree = "<group>";
		};
		453FF8F522EB503C00214532 = {
			isa = PBXGroup;
			children = (
				45D2F30C2313026A00F40231 /* OneSignalNotificationServiceExtension.entitlements */,
				453FF90022EB503C00214532 /* HabitTracker */,
				453FF91F22EB50F600214532 /* OneSignal */,
				45B523B42309E29500089212 /* widget */,
				455368B5230F2E7600DD2D77 /* HabitTrackerTests */,
				453FF8FF22EB503C00214532 /* Products */,
				453FF91722EB50BF00214532 /* Frameworks */,
				D5C7C677F3A24EC94E20BD16 /* Pods */,
			);
			sourceTree = "<group>";
		};
		453FF8FF22EB503C00214532 /* Products */ = {
			isa = PBXGroup;
			children = (
				453FF8FE22EB503C00214532 /* HabitTracker.app */,
				453FF91E22EB50F600214532 /* OneSignalNotificationServiceExtension.appex */,
				45B523B12309E29500089212 /* widget.appex */,
				455368B4230F2E7600DD2D77 /* HabitTrackerTests.xctest */,
			);
			name = Products;
			sourceTree = "<group>";
		};
		453FF90022EB503C00214532 /* HabitTracker */ = {
			isa = PBXGroup;
			children = (
				2A76337225D6F4E700C05AC2 /* View Models */,
				45AFEE60231087860027B8E6 /* Model */,
				45AFEE612310879C0027B8E6 /* View */,
				45AFEE62231087A90027B8E6 /* Controller */,
				45AFEE63231087C40027B8E6 /* Helper */,
				453FF91622EB50B400214532 /* HabitTracker.entitlements */,
				453FF90122EB503C00214532 /* AppDelegate.swift */,
				45B3AEFE22FF29B500AC43F9 /* Main.storyboard */,
				453FF90B22EB503D00214532 /* Assets.xcassets */,
				453FF90D22EB503D00214532 /* LaunchScreen.storyboard */,
				453FF91022EB503D00214532 /* Info.plist */,
				453FF90822EB503C00214532 /* HabitTracker.xcdatamodeld */,
				45B3AEB522FF0C3E00AC43F9 /* Constants.swift */,
				45B3AF1022FF40C600AC43F9 /* Localizable.strings */,
				45C260F3230C7B0800F3F6EE /* NSCustomPersistentContainer.swift */,
				455368C5230F323400DD2D77 /* InfoPlist.strings */,
				453BCD2423118A700082EDE1 /* ReminderFrequency.swift */,
			);
			path = HabitTracker;
			sourceTree = "<group>";
		};
		453FF91722EB50BF00214532 /* Frameworks */ = {
			isa = PBXGroup;
			children = (
				2AFEF15E25D5D641006DC809 /* GoogleAppMeasurement.xcframework */,
				2AFEF16025D5D641006DC809 /* GoogleMobileAds.xcframework */,
				453FF91822EB50BF00214532 /* StoreKit.framework */,
				45B523B22309E29500089212 /* NotificationCenter.framework */,
				3625821635243F86DE868B32 /* Pods_HabitTracker.framework */,
				FC2BF00138C30BF37D9FCD65 /* Pods_HabitTracker_OneSignalNotificationServiceExtension.framework */,
			);
			name = Frameworks;
			sourceTree = "<group>";
		};
		453FF91F22EB50F600214532 /* OneSignal */ = {
			isa = PBXGroup;
			children = (
				453FF92022EB50F600214532 /* NotificationService.swift */,
				453FF92222EB50F600214532 /* Info.plist */,
			);
			path = OneSignal;
			sourceTree = "<group>";
		};
		455368B5230F2E7600DD2D77 /* HabitTrackerTests */ = {
			isa = PBXGroup;
			children = (
				455368B6230F2E7600DD2D77 /* HabitTrackerTests.swift */,
				455368B8230F2E7600DD2D77 /* Info.plist */,
			);
			path = HabitTrackerTests;
			sourceTree = "<group>";
		};
		45AFEE60231087860027B8E6 /* Model */ = {
			isa = PBXGroup;
			children = (
				456D3E8A230021FA001C5D87 /* Habit.swift */,
				45D899E42304254A005B085C /* SettingsObject.swift */,
				2A5D83A625DBDB7B0012FEEB /* Trophy.swift */,
				2A5D83AC25DBDD550012FEEB /* TrophyWrapper.swift */,
			);
			path = Model;
			sourceTree = "<group>";
		};
		45AFEE612310879C0027B8E6 /* View */ = {
			isa = PBXGroup;
			children = (
				45AFA98A2300A3E600BEE5D8 /* CustomMainTableViewCell.swift */,
				4533BDB9242CC1C000323CA7 /* CustomShowHabitTableViewCell.swift */,
				4533BDBD242CD9AA00323CA7 /* CustomShowHabitDetailsTableViewCell.swift */,
				2A5D839A25DBDA5A0012FEEB /* CustomTrophyTableViewCell.swift */,
			);
			path = View;
			sourceTree = "<group>";
		};
		45AFEE62231087A90027B8E6 /* Controller */ = {
			isa = PBXGroup;
			children = (
				453FF90322EB503C00214532 /* ViewController.swift */,
				452F456A22F627C6009E8210 /* HabitCategorySelectorController.swift */,
				45718A5022FCAF5C00F78CCC /* HabitCreatorController.swift */,
				45B3AEB322FF099700AC43F9 /* HabitTitleSelectorController.swift */,
				4540FE032302A9DC00D8F990 /* ShowHabitViewController.swift */,
				45A782052303156D0065C72A /* HabitEditViewController.swift */,
				45A782072303432C0065C72A /* SettingsViewController.swift */,
				4534C00B24290AE0003AF5E4 /* UIViewController.swift */,
				4533BDBB242CD07E00323CA7 /* ShowHabitDetailsViewController.swift */,
				2A17A64025DB0334009F65EF /* TrophyViewController.swift */,
				2A05706C25E27DA400C93C67 /* ShowTrophyViewController.swift */,
			);
			path = Controller;
			sourceTree = "<group>";
		};
		45AFEE63231087C40027B8E6 /* Helper */ = {
			isa = PBXGroup;
			children = (
				45A89C6B22FF591A00321357 /* DatabaseHelper.swift */,
				4540FE052302AAC800D8F990 /* DateHelper.swift */,
				4530A1CE23115C4500947C25 /* NotificationHelper.swift */,
				45B7E8F02321002C00F81879 /* StoreReviewHelper.swift */,
				4533BDBF242D40DD00323CA7 /* ApiUtil.swift */,
				45272DCC242F8B76002BB751 /* Reachability.swift */,
				45DF57012441F435004A4B9F /* AdsHelper.swift */,
				2A5D83C625DC5ECA0012FEEB /* UIImage.swift */,
				2A5D83CC25DC7DF60012FEEB /* TrophyHelper.swift */,
			);
			path = Helper;
			sourceTree = "<group>";
		};
		45B523B42309E29500089212 /* widget */ = {
			isa = PBXGroup;
			children = (
				45B523C12309E2EF00089212 /* widget.entitlements */,
				45B523B52309E29500089212 /* TodayViewController.swift */,
				45B523B72309E29500089212 /* MainInterface.storyboard */,
				45B523BA2309E29500089212 /* Info.plist */,
				45B523C22309E36300089212 /* CoreDataStack.swift */,
			);
			path = widget;
			sourceTree = "<group>";
		};
		D5C7C677F3A24EC94E20BD16 /* Pods */ = {
			isa = PBXGroup;
			children = (
				A2C93A484D4900A279606696 /* Pods-HabitTracker.debug.xcconfig */,
				FB44F67FCF89E13DA80C8385 /* Pods-HabitTracker.release.xcconfig */,
				A1BCF4408208AD123269A0B0 /* Pods-HabitTracker-OneSignalNotificationServiceExtension.debug.xcconfig */,
				42864F86941A5B318A9D92F1 /* Pods-HabitTracker-OneSignalNotificationServiceExtension.release.xcconfig */,
			);
			path = Pods;
			sourceTree = "<group>";
		};
/* End PBXGroup section */

/* Begin PBXNativeTarget section */
		453FF8FD22EB503C00214532 /* HabitTracker */ = {
			isa = PBXNativeTarget;
			buildConfigurationList = 453FF91322EB503D00214532 /* Build configuration list for PBXNativeTarget "HabitTracker" */;
			buildPhases = (
				737E66FA9E9DE77AEE6D867E /* [CP] Check Pods Manifest.lock */,
				453FF8FA22EB503C00214532 /* Sources */,
				453FF8FB22EB503C00214532 /* Frameworks */,
				453FF8FC22EB503C00214532 /* Resources */,
				453FF92922EB50F600214532 /* Embed App Extensions */,
				B83B174D7C0678FA56F3DADF /* [CP] Embed Pods Frameworks */,
			);
			buildRules = (
			);
			dependencies = (
				453FF92422EB50F600214532 /* PBXTargetDependency */,
				45B523BC2309E29500089212 /* PBXTargetDependency */,
			);
			name = HabitTracker;
			productName = HabitTracker;
			productReference = 453FF8FE22EB503C00214532 /* HabitTracker.app */;
			productType = "com.apple.product-type.application";
		};
		453FF91D22EB50F600214532 /* OneSignalNotificationServiceExtension */ = {
			isa = PBXNativeTarget;
			buildConfigurationList = 453FF92622EB50F600214532 /* Build configuration list for PBXNativeTarget "OneSignalNotificationServiceExtension" */;
			buildPhases = (
				2441D9945043BE5E5B6DF751 /* [CP] Check Pods Manifest.lock */,
				453FF91A22EB50F600214532 /* Sources */,
				453FF91B22EB50F600214532 /* Frameworks */,
				453FF91C22EB50F600214532 /* Resources */,
			);
			buildRules = (
			);
			dependencies = (
			);
			name = OneSignalNotificationServiceExtension;
			productName = OneSignal;
			productReference = 453FF91E22EB50F600214532 /* OneSignalNotificationServiceExtension.appex */;
			productType = "com.apple.product-type.app-extension";
		};
		455368B3230F2E7600DD2D77 /* HabitTrackerTests */ = {
			isa = PBXNativeTarget;
			buildConfigurationList = 455368BB230F2E7600DD2D77 /* Build configuration list for PBXNativeTarget "HabitTrackerTests" */;
			buildPhases = (
				455368B0230F2E7600DD2D77 /* Sources */,
				455368B1230F2E7600DD2D77 /* Frameworks */,
				455368B2230F2E7600DD2D77 /* Resources */,
			);
			buildRules = (
			);
			dependencies = (
				455368BA230F2E7600DD2D77 /* PBXTargetDependency */,
			);
			name = HabitTrackerTests;
			productName = HabitTrackerTests;
			productReference = 455368B4230F2E7600DD2D77 /* HabitTrackerTests.xctest */;
			productType = "com.apple.product-type.bundle.unit-test";
		};
		45B523B02309E29500089212 /* widget */ = {
			isa = PBXNativeTarget;
			buildConfigurationList = 45B523C02309E29500089212 /* Build configuration list for PBXNativeTarget "widget" */;
			buildPhases = (
				45B523AD2309E29500089212 /* Sources */,
				45B523AE2309E29500089212 /* Frameworks */,
				45B523AF2309E29500089212 /* Resources */,
			);
			buildRules = (
			);
			dependencies = (
			);
			name = widget;
			productName = widget;
			productReference = 45B523B12309E29500089212 /* widget.appex */;
			productType = "com.apple.product-type.app-extension";
		};
/* End PBXNativeTarget section */

/* Begin PBXProject section */
		453FF8F622EB503C00214532 /* Project object */ = {
			isa = PBXProject;
			attributes = {
				LastSwiftUpdateCheck = 1010;
				LastUpgradeCheck = 1240;
				ORGANIZATIONNAME = "Mustafa Yuksel";
				TargetAttributes = {
					453FF8FD22EB503C00214532 = {
						CreatedOnToolsVersion = 10.1;
						LastSwiftMigration = 1240;
						SystemCapabilities = {
							com.apple.ApplicationGroups.iOS = {
								enabled = 1;
							};
							com.apple.InAppPurchase = {
								enabled = 1;
							};
							com.apple.Push = {
								enabled = 1;
							};
						};
					};
					453FF91D22EB50F600214532 = {
						CreatedOnToolsVersion = 10.1;
						LastSwiftMigration = 1240;
						SystemCapabilities = {
							com.apple.Push = {
								enabled = 0;
							};
						};
					};
					455368B3230F2E7600DD2D77 = {
						CreatedOnToolsVersion = 10.1;
						LastSwiftMigration = 1240;
						TestTargetID = 453FF8FD22EB503C00214532;
					};
					45B523B02309E29500089212 = {
						CreatedOnToolsVersion = 10.1;
						LastSwiftMigration = 1240;
						SystemCapabilities = {
							com.apple.ApplicationGroups.iOS = {
								enabled = 1;
							};
							com.apple.Push = {
								enabled = 1;
							};
						};
					};
				};
			};
			buildConfigurationList = 453FF8F922EB503C00214532 /* Build configuration list for PBXProject "HabitTracker" */;
			compatibilityVersion = "Xcode 9.3";
			developmentRegion = en;
			hasScannedForEncodings = 0;
			knownRegions = (
				en,
				Base,
				"en-GB",
				"en-AU",
				"en-IN",
				"zh-Hans",
				ja,
				es,
				"es-419",
				fr,
				"fr-CA",
				de,
				ru,
				"pt-BR",
				it,
				ko,
				"pt-PT",
				nl,
				ar,
				th,
				sv,
				da,
				vi,
				nb,
				pl,
				fi,
				id,
				he,
				el,
				ro,
				hu,
				cs,
				ca,
				sk,
				uk,
				hr,
				ms,
				hi,
				hy,
				az,
				tr,
				km,
				"km-KH",
			);
			mainGroup = 453FF8F522EB503C00214532;
			productRefGroup = 453FF8FF22EB503C00214532 /* Products */;
			projectDirPath = "";
			projectRoot = "";
			targets = (
				453FF8FD22EB503C00214532 /* HabitTracker */,
				453FF91D22EB50F600214532 /* OneSignalNotificationServiceExtension */,
				45B523B02309E29500089212 /* widget */,
				455368B3230F2E7600DD2D77 /* HabitTrackerTests */,
			);
		};
/* End PBXProject section */

/* Begin PBXResourcesBuildPhase section */
		453FF8FC22EB503C00214532 /* Resources */ = {
			isa = PBXResourcesBuildPhase;
			buildActionMask = 2147483647;
			files = (
				455368C2230F323400DD2D77 /* InfoPlist.strings in Resources */,
				2A17A64A25DB08A6009F65EF /* Main.storyboard in Resources */,
				45B3AF0E22FF40C600AC43F9 /* Localizable.strings in Resources */,
				453FF90F22EB503D00214532 /* LaunchScreen.storyboard in Resources */,
				453FF90C22EB503D00214532 /* Assets.xcassets in Resources */,
			);
			runOnlyForDeploymentPostprocessing = 0;
		};
		453FF91C22EB50F600214532 /* Resources */ = {
			isa = PBXResourcesBuildPhase;
			buildActionMask = 2147483647;
			files = (
			);
			runOnlyForDeploymentPostprocessing = 0;
		};
		455368B2230F2E7600DD2D77 /* Resources */ = {
			isa = PBXResourcesBuildPhase;
			buildActionMask = 2147483647;
			files = (
			);
			runOnlyForDeploymentPostprocessing = 0;
		};
		45B523AF2309E29500089212 /* Resources */ = {
			isa = PBXResourcesBuildPhase;
			buildActionMask = 2147483647;
			files = (
				455368C3230F323400DD2D77 /* InfoPlist.strings in Resources */,
				45B523C72309E7C600089212 /* HabitTracker.xcdatamodeld in Resources */,
				455368AF230F2BA500DD2D77 /* Localizable.strings in Resources */,
				45AFEE57231085600027B8E6 /* Assets.xcassets in Resources */,
				45B523B92309E29500089212 /* MainInterface.storyboard in Resources */,
			);
			runOnlyForDeploymentPostprocessing = 0;
		};
/* End PBXResourcesBuildPhase section */

/* Begin PBXShellScriptBuildPhase section */
		2441D9945043BE5E5B6DF751 /* [CP] Check Pods Manifest.lock */ = {
			isa = PBXShellScriptBuildPhase;
			buildActionMask = 2147483647;
			files = (
			);
			inputFileListPaths = (
			);
			inputPaths = (
				"${PODS_PODFILE_DIR_PATH}/Podfile.lock",
				"${PODS_ROOT}/Manifest.lock",
			);
			name = "[CP] Check Pods Manifest.lock";
			outputFileListPaths = (
			);
			outputPaths = (
				"$(DERIVED_FILE_DIR)/Pods-HabitTracker-OneSignalNotificationServiceExtension-checkManifestLockResult.txt",
			);
			runOnlyForDeploymentPostprocessing = 0;
			shellPath = /bin/sh;
			shellScript = "diff \"${PODS_PODFILE_DIR_PATH}/Podfile.lock\" \"${PODS_ROOT}/Manifest.lock\" > /dev/null\nif [ $? != 0 ] ; then\n    # print error to STDERR\n    echo \"error: The sandbox is not in sync with the Podfile.lock. Run 'pod install' or update your CocoaPods installation.\" >&2\n    exit 1\nfi\n# This output is used by Xcode 'outputs' to avoid re-running this script phase.\necho \"SUCCESS\" > \"${SCRIPT_OUTPUT_FILE_0}\"\n";
			showEnvVarsInLog = 0;
		};
		737E66FA9E9DE77AEE6D867E /* [CP] Check Pods Manifest.lock */ = {
			isa = PBXShellScriptBuildPhase;
			buildActionMask = 2147483647;
			files = (
			);
			inputFileListPaths = (
			);
			inputPaths = (
				"${PODS_PODFILE_DIR_PATH}/Podfile.lock",
				"${PODS_ROOT}/Manifest.lock",
			);
			name = "[CP] Check Pods Manifest.lock";
			outputFileListPaths = (
			);
			outputPaths = (
				"$(DERIVED_FILE_DIR)/Pods-HabitTracker-checkManifestLockResult.txt",
			);
			runOnlyForDeploymentPostprocessing = 0;
			shellPath = /bin/sh;
			shellScript = "diff \"${PODS_PODFILE_DIR_PATH}/Podfile.lock\" \"${PODS_ROOT}/Manifest.lock\" > /dev/null\nif [ $? != 0 ] ; then\n    # print error to STDERR\n    echo \"error: The sandbox is not in sync with the Podfile.lock. Run 'pod install' or update your CocoaPods installation.\" >&2\n    exit 1\nfi\n# This output is used by Xcode 'outputs' to avoid re-running this script phase.\necho \"SUCCESS\" > \"${SCRIPT_OUTPUT_FILE_0}\"\n";
			showEnvVarsInLog = 0;
		};
		B83B174D7C0678FA56F3DADF /* [CP] Embed Pods Frameworks */ = {
			isa = PBXShellScriptBuildPhase;
			buildActionMask = 2147483647;
			files = (
			);
			inputFileListPaths = (
				"${PODS_ROOT}/Target Support Files/Pods-HabitTracker/Pods-HabitTracker-frameworks-${CONFIGURATION}-input-files.xcfilelist",
			);
			name = "[CP] Embed Pods Frameworks";
			outputFileListPaths = (
				"${PODS_ROOT}/Target Support Files/Pods-HabitTracker/Pods-HabitTracker-frameworks-${CONFIGURATION}-output-files.xcfilelist",
			);
			runOnlyForDeploymentPostprocessing = 0;
			shellPath = /bin/sh;
			shellScript = "\"${PODS_ROOT}/Target Support Files/Pods-HabitTracker/Pods-HabitTracker-frameworks.sh\"\n";
			showEnvVarsInLog = 0;
		};
/* End PBXShellScriptBuildPhase section */

/* Begin PBXSourcesBuildPhase section */
		453FF8FA22EB503C00214532 /* Sources */ = {
			isa = PBXSourcesBuildPhase;
			buildActionMask = 2147483647;
			files = (
				453BCD2523118A700082EDE1 /* ReminderFrequency.swift in Sources */,
				45A89C6C22FF591A00321357 /* DatabaseHelper.swift in Sources */,
				453FF90422EB503C00214532 /* ViewController.swift in Sources */,
				453FF90222EB503C00214532 /* AppDelegate.swift in Sources */,
				4530A1CF23115C4500947C25 /* NotificationHelper.swift in Sources */,
				4533BDBE242CD9AA00323CA7 /* CustomShowHabitDetailsTableViewCell.swift in Sources */,
				2A17A64125DB0334009F65EF /* TrophyViewController.swift in Sources */,
				4533BDBA242CC1C000323CA7 /* CustomShowHabitTableViewCell.swift in Sources */,
				45B3AEB422FF099700AC43F9 /* HabitTitleSelectorController.swift in Sources */,
				4533BDC0242D40DD00323CA7 /* ApiUtil.swift in Sources */,
				2A05706D25E27DA400C93C67 /* ShowTrophyViewController.swift in Sources */,
				45C260F5230C7C0100F3F6EE /* NSCustomPersistentContainer.swift in Sources */,
				453FF90A22EB503C00214532 /* HabitTracker.xcdatamodeld in Sources */,
				2A5D83C725DC5ECA0012FEEB /* UIImage.swift in Sources */,
				2A5D83A125DBDAFB0012FEEB /* CustomTrophyTableViewModel.swift in Sources */,
				45D899E52304254A005B085C /* SettingsObject.swift in Sources */,
				2A76337425D6F51600C05AC2 /* CustomMainTableViewModel.swift in Sources */,
				45AFA98B2300A3E600BEE5D8 /* CustomMainTableViewCell.swift in Sources */,
				45B3AEB622FF0C3E00AC43F9 /* Constants.swift in Sources */,
				456D3E8B230021FA001C5D87 /* Habit.swift in Sources */,
				45A782062303156D0065C72A /* HabitEditViewController.swift in Sources */,
				45DF57022441F435004A4B9F /* AdsHelper.swift in Sources */,
				2A5D839B25DBDA5A0012FEEB /* CustomTrophyTableViewCell.swift in Sources */,
				45A782082303432C0065C72A /* SettingsViewController.swift in Sources */,
				4533BDBC242CD07E00323CA7 /* ShowHabitDetailsViewController.swift in Sources */,
				4534C00C24290AE0003AF5E4 /* UIViewController.swift in Sources */,
				452F456B22F627C6009E8210 /* HabitCategorySelectorController.swift in Sources */,
				4540FE062302AAC800D8F990 /* DateHelper.swift in Sources */,
				45BC2E802427663000C58A6D /* StoreReviewHelper.swift in Sources */,
				45718A5122FCAF5C00F78CCC /* HabitCreatorController.swift in Sources */,
				2A5D83A725DBDB7B0012FEEB /* Trophy.swift in Sources */,
				2A5D83CD25DC7DF60012FEEB /* TrophyHelper.swift in Sources */,
				45272DCD242F8B76002BB751 /* Reachability.swift in Sources */,
				4540FE042302A9DC00D8F990 /* ShowHabitViewController.swift in Sources */,
				2A5D83AD25DBDD550012FEEB /* TrophyWrapper.swift in Sources */,
			);
			runOnlyForDeploymentPostprocessing = 0;
		};
		453FF91A22EB50F600214532 /* Sources */ = {
			isa = PBXSourcesBuildPhase;
			buildActionMask = 2147483647;
			files = (
				453FF92122EB50F600214532 /* NotificationService.swift in Sources */,
			);
			runOnlyForDeploymentPostprocessing = 0;
		};
		455368B0230F2E7600DD2D77 /* Sources */ = {
			isa = PBXSourcesBuildPhase;
			buildActionMask = 2147483647;
			files = (
				455368B7230F2E7600DD2D77 /* HabitTrackerTests.swift in Sources */,
				455368BE230F2E8A00DD2D77 /* DateHelper.swift in Sources */,
			);
			runOnlyForDeploymentPostprocessing = 0;
		};
		45B523AD2309E29500089212 /* Sources */ = {
			isa = PBXSourcesBuildPhase;
			buildActionMask = 2147483647;
			files = (
				45536860230F275300DD2D77 /* DateHelper.swift in Sources */,
				45C260F4230C7B0800F3F6EE /* NSCustomPersistentContainer.swift in Sources */,
				45B523B62309E29500089212 /* TodayViewController.swift in Sources */,
				45B523C32309E36300089212 /* CoreDataStack.swift in Sources */,
				45B523C42309E38500089212 /* Constants.swift in Sources */,
			);
			runOnlyForDeploymentPostprocessing = 0;
		};
/* End PBXSourcesBuildPhase section */

/* Begin PBXTargetDependency section */
		453FF92422EB50F600214532 /* PBXTargetDependency */ = {
			isa = PBXTargetDependency;
			target = 453FF91D22EB50F600214532 /* OneSignalNotificationServiceExtension */;
			targetProxy = 453FF92322EB50F600214532 /* PBXContainerItemProxy */;
		};
		455368BA230F2E7600DD2D77 /* PBXTargetDependency */ = {
			isa = PBXTargetDependency;
			target = 453FF8FD22EB503C00214532 /* HabitTracker */;
			targetProxy = 455368B9230F2E7600DD2D77 /* PBXContainerItemProxy */;
		};
		45B523BC2309E29500089212 /* PBXTargetDependency */ = {
			isa = PBXTargetDependency;
			target = 45B523B02309E29500089212 /* widget */;
			targetProxy = 45B523BB2309E29500089212 /* PBXContainerItemProxy */;
		};
/* End PBXTargetDependency section */

/* Begin PBXVariantGroup section */
		453FF90D22EB503D00214532 /* LaunchScreen.storyboard */ = {
			isa = PBXVariantGroup;
			children = (
				453FF90E22EB503D00214532 /* Base */,
				45B3AF0B22FF40B600AC43F9 /* en */,
			);
			name = LaunchScreen.storyboard;
			sourceTree = "<group>";
		};
		455368C5230F323400DD2D77 /* InfoPlist.strings */ = {
			isa = PBXVariantGroup;
			children = (
				455368C4230F323400DD2D77 /* en */,
				4567C69A2433A34300061218 /* en-IN */,
				4567C69C2433A35C00061218 /* zh-Hans */,
				4567C69E2433A36F00061218 /* ja */,
				4567C6A02433A37800061218 /* es */,
				4567C6A22433A38600061218 /* es-419 */,
				4567C6A42433A38D00061218 /* fr */,
				4567C6A62433A39600061218 /* fr-CA */,
				4567C6A82433A39E00061218 /* de */,
				4567C6AA2433A3A700061218 /* ru */,
				4567C6AC2433A3B500061218 /* pt-BR */,
				4567C6AE2433A3BE00061218 /* it */,
				4567C6B02433A3C800061218 /* ko */,
				4567C6B22433A3D900061218 /* pt-PT */,
				4567C6B42433A3E100061218 /* nl */,
				4567C6B62433A3EB00061218 /* ar */,
				4567C6B82433A3F600061218 /* th */,
				4567C6BA2433A40700061218 /* sv */,
				4567C6BC2433A41300061218 /* da */,
				4567C6BE2433A41E00061218 /* vi */,
				4567C6C02433A42700061218 /* nb */,
				4567C6C22433A42F00061218 /* pl */,
				4567C6C42433A43800061218 /* fi */,
				4567C6C62433A44300061218 /* id */,
				4567C6C82433A45000061218 /* he */,
				4567C6CA2433A45700061218 /* el */,
				4567C6CC2433A46200061218 /* ro */,
				4567C6CE2433A46B00061218 /* hu */,
				4567C6D02433A47600061218 /* cs */,
				4567C6D22433A47E00061218 /* ca */,
				4567C6D42433A48900061218 /* sk */,
				4567C6D62433A49300061218 /* uk */,
				4567C6D82433A49B00061218 /* hr */,
				4567C6DA2433A4AC00061218 /* ms */,
				4567C6DC2433A4B400061218 /* hi */,
				4567C6DE2433A4CD00061218 /* hy */,
				4567C6E02433A4DD00061218 /* az */,
				4567C6E22433A57800061218 /* tr */,
				2A6FF1F425F410F800A92FFB /* km */,
				2A6FF1F625F4110F00A92FFB /* km-KH */,
				2A6FF1F725F4119F00A92FFB /* en-AU */,
				2A6FF1F825F411A100A92FFB /* en-GB */,
			);
			name = InfoPlist.strings;
			sourceTree = "<group>";
		};
		45B3AEFE22FF29B500AC43F9 /* Main.storyboard */ = {
			isa = PBXVariantGroup;
			children = (
				45B3AEFD22FF29B500AC43F9 /* Base */,
				45B3AF0A22FF40B500AC43F9 /* en */,
			);
			name = Main.storyboard;
			sourceTree = "<group>";
		};
		45B3AF1022FF40C600AC43F9 /* Localizable.strings */ = {
			isa = PBXVariantGroup;
			children = (
				45B3AF0F22FF40C600AC43F9 /* en */,
				4567C6972433A31A00061218 /* en-GB */,
				4567C6982433A33800061218 /* en-AU */,
				4567C6992433A34200061218 /* en-IN */,
				4567C69B2433A35C00061218 /* zh-Hans */,
				4567C69D2433A36F00061218 /* ja */,
				4567C69F2433A37800061218 /* es */,
				4567C6A12433A38500061218 /* es-419 */,
				4567C6A32433A38D00061218 /* fr */,
				4567C6A52433A39600061218 /* fr-CA */,
				4567C6A72433A39E00061218 /* de */,
				4567C6A92433A3A600061218 /* ru */,
				4567C6AB2433A3B500061218 /* pt-BR */,
				4567C6AD2433A3BE00061218 /* it */,
				4567C6AF2433A3C800061218 /* ko */,
				4567C6B12433A3D800061218 /* pt-PT */,
				4567C6B32433A3E100061218 /* nl */,
				4567C6B52433A3EB00061218 /* ar */,
				4567C6B72433A3F600061218 /* th */,
				4567C6B92433A40700061218 /* sv */,
				4567C6BB2433A41300061218 /* da */,
				4567C6BD2433A41E00061218 /* vi */,
				4567C6BF2433A42700061218 /* nb */,
				4567C6C12433A42F00061218 /* pl */,
				4567C6C32433A43700061218 /* fi */,
				4567C6C52433A44300061218 /* id */,
				4567C6C72433A44F00061218 /* he */,
				4567C6C92433A45700061218 /* el */,
				4567C6CB2433A46200061218 /* ro */,
				4567C6CD2433A46B00061218 /* hu */,
				4567C6CF2433A47500061218 /* cs */,
				4567C6D12433A47D00061218 /* ca */,
				4567C6D32433A48800061218 /* sk */,
				4567C6D52433A49200061218 /* uk */,
				4567C6D72433A49A00061218 /* hr */,
				4567C6D92433A4AB00061218 /* ms */,
				4567C6DB2433A4B300061218 /* hi */,
				4567C6DD2433A4CC00061218 /* hy */,
				4567C6DF2433A4DC00061218 /* az */,
				4567C6E12433A57700061218 /* tr */,
				2A6FF1F325F410F800A92FFB /* km */,
				2A6FF1F525F4110F00A92FFB /* km-KH */,
			);
			name = Localizable.strings;
			sourceTree = "<group>";
		};
		45B523B72309E29500089212 /* MainInterface.storyboard */ = {
			isa = PBXVariantGroup;
			children = (
				45B523B82309E29500089212 /* Base */,
			);
			name = MainInterface.storyboard;
			sourceTree = "<group>";
		};
/* End PBXVariantGroup section */

/* Begin XCBuildConfiguration section */
		453FF91122EB503D00214532 /* Debug */ = {
			isa = XCBuildConfiguration;
			buildSettings = {
				ALWAYS_SEARCH_USER_PATHS = NO;
				CLANG_ANALYZER_LOCALIZABILITY_NONLOCALIZED = YES;
				CLANG_ANALYZER_NONNULL = YES;
				CLANG_ANALYZER_NUMBER_OBJECT_CONVERSION = YES_AGGRESSIVE;
				CLANG_CXX_LANGUAGE_STANDARD = "gnu++14";
				CLANG_CXX_LIBRARY = "libc++";
				CLANG_ENABLE_MODULES = YES;
				CLANG_ENABLE_OBJC_ARC = YES;
				CLANG_ENABLE_OBJC_WEAK = YES;
				CLANG_WARN_BLOCK_CAPTURE_AUTORELEASING = YES;
				CLANG_WARN_BOOL_CONVERSION = YES;
				CLANG_WARN_COMMA = YES;
				CLANG_WARN_CONSTANT_CONVERSION = YES;
				CLANG_WARN_DEPRECATED_OBJC_IMPLEMENTATIONS = YES;
				CLANG_WARN_DIRECT_OBJC_ISA_USAGE = YES_ERROR;
				CLANG_WARN_DOCUMENTATION_COMMENTS = YES;
				CLANG_WARN_EMPTY_BODY = YES;
				CLANG_WARN_ENUM_CONVERSION = YES;
				CLANG_WARN_INFINITE_RECURSION = YES;
				CLANG_WARN_INT_CONVERSION = YES;
				CLANG_WARN_NON_LITERAL_NULL_CONVERSION = YES;
				CLANG_WARN_OBJC_IMPLICIT_RETAIN_SELF = YES;
				CLANG_WARN_OBJC_LITERAL_CONVERSION = YES;
				CLANG_WARN_OBJC_ROOT_CLASS = YES_ERROR;
				CLANG_WARN_QUOTED_INCLUDE_IN_FRAMEWORK_HEADER = YES;
				CLANG_WARN_RANGE_LOOP_ANALYSIS = YES;
				CLANG_WARN_STRICT_PROTOTYPES = YES;
				CLANG_WARN_SUSPICIOUS_MOVE = YES;
				CLANG_WARN_UNGUARDED_AVAILABILITY = YES_AGGRESSIVE;
				CLANG_WARN_UNREACHABLE_CODE = YES;
				CLANG_WARN__DUPLICATE_METHOD_MATCH = YES;
				CODE_SIGN_IDENTITY = "iPhone Developer";
				COPY_PHASE_STRIP = NO;
				DEBUG_INFORMATION_FORMAT = dwarf;
				ENABLE_BITCODE = YES;
				ENABLE_STRICT_OBJC_MSGSEND = YES;
				ENABLE_TESTABILITY = YES;
				GCC_C_LANGUAGE_STANDARD = gnu11;
				GCC_DYNAMIC_NO_PIC = NO;
				GCC_NO_COMMON_BLOCKS = YES;
				GCC_OPTIMIZATION_LEVEL = 0;
				GCC_PREPROCESSOR_DEFINITIONS = (
					"DEBUG=1",
					"$(inherited)",
				);
				GCC_WARN_64_TO_32_BIT_CONVERSION = YES;
				GCC_WARN_ABOUT_RETURN_TYPE = YES_ERROR;
				GCC_WARN_UNDECLARED_SELECTOR = YES;
				GCC_WARN_UNINITIALIZED_AUTOS = YES_AGGRESSIVE;
				GCC_WARN_UNUSED_FUNCTION = YES;
				GCC_WARN_UNUSED_VARIABLE = YES;
				IPHONEOS_DEPLOYMENT_TARGET = 13.0;
				MTL_ENABLE_DEBUG_INFO = INCLUDE_SOURCE;
				MTL_FAST_MATH = YES;
				ONLY_ACTIVE_ARCH = YES;
				SDKROOT = iphoneos;
				SWIFT_ACTIVE_COMPILATION_CONDITIONS = DEBUG;
				SWIFT_OPTIMIZATION_LEVEL = "-Onone";
			};
			name = Debug;
		};
		453FF91222EB503D00214532 /* Release */ = {
			isa = XCBuildConfiguration;
			buildSettings = {
				ALWAYS_SEARCH_USER_PATHS = NO;
				CLANG_ANALYZER_LOCALIZABILITY_NONLOCALIZED = YES;
				CLANG_ANALYZER_NONNULL = YES;
				CLANG_ANALYZER_NUMBER_OBJECT_CONVERSION = YES_AGGRESSIVE;
				CLANG_CXX_LANGUAGE_STANDARD = "gnu++14";
				CLANG_CXX_LIBRARY = "libc++";
				CLANG_ENABLE_MODULES = YES;
				CLANG_ENABLE_OBJC_ARC = YES;
				CLANG_ENABLE_OBJC_WEAK = YES;
				CLANG_WARN_BLOCK_CAPTURE_AUTORELEASING = YES;
				CLANG_WARN_BOOL_CONVERSION = YES;
				CLANG_WARN_COMMA = YES;
				CLANG_WARN_CONSTANT_CONVERSION = YES;
				CLANG_WARN_DEPRECATED_OBJC_IMPLEMENTATIONS = YES;
				CLANG_WARN_DIRECT_OBJC_ISA_USAGE = YES_ERROR;
				CLANG_WARN_DOCUMENTATION_COMMENTS = YES;
				CLANG_WARN_EMPTY_BODY = YES;
				CLANG_WARN_ENUM_CONVERSION = YES;
				CLANG_WARN_INFINITE_RECURSION = YES;
				CLANG_WARN_INT_CONVERSION = YES;
				CLANG_WARN_NON_LITERAL_NULL_CONVERSION = YES;
				CLANG_WARN_OBJC_IMPLICIT_RETAIN_SELF = YES;
				CLANG_WARN_OBJC_LITERAL_CONVERSION = YES;
				CLANG_WARN_OBJC_ROOT_CLASS = YES_ERROR;
				CLANG_WARN_QUOTED_INCLUDE_IN_FRAMEWORK_HEADER = YES;
				CLANG_WARN_RANGE_LOOP_ANALYSIS = YES;
				CLANG_WARN_STRICT_PROTOTYPES = YES;
				CLANG_WARN_SUSPICIOUS_MOVE = YES;
				CLANG_WARN_UNGUARDED_AVAILABILITY = YES_AGGRESSIVE;
				CLANG_WARN_UNREACHABLE_CODE = YES;
				CLANG_WARN__DUPLICATE_METHOD_MATCH = YES;
				CODE_SIGN_IDENTITY = "iPhone Developer";
				COPY_PHASE_STRIP = NO;
				DEBUG_INFORMATION_FORMAT = "dwarf-with-dsym";
				ENABLE_BITCODE = YES;
				ENABLE_NS_ASSERTIONS = NO;
				ENABLE_STRICT_OBJC_MSGSEND = YES;
				GCC_C_LANGUAGE_STANDARD = gnu11;
				GCC_NO_COMMON_BLOCKS = YES;
				GCC_WARN_64_TO_32_BIT_CONVERSION = YES;
				GCC_WARN_ABOUT_RETURN_TYPE = YES_ERROR;
				GCC_WARN_UNDECLARED_SELECTOR = YES;
				GCC_WARN_UNINITIALIZED_AUTOS = YES_AGGRESSIVE;
				GCC_WARN_UNUSED_FUNCTION = YES;
				GCC_WARN_UNUSED_VARIABLE = YES;
				IPHONEOS_DEPLOYMENT_TARGET = 13.0;
				MTL_ENABLE_DEBUG_INFO = NO;
				MTL_FAST_MATH = YES;
				SDKROOT = iphoneos;
				SWIFT_COMPILATION_MODE = wholemodule;
				SWIFT_OPTIMIZATION_LEVEL = "-O";
				VALIDATE_PRODUCT = YES;
			};
			name = Release;
		};
		453FF91422EB503D00214532 /* Debug */ = {
			isa = XCBuildConfiguration;
			baseConfigurationReference = A2C93A484D4900A279606696 /* Pods-HabitTracker.debug.xcconfig */;
			buildSettings = {
				ALWAYS_EMBED_SWIFT_STANDARD_LIBRARIES = YES;
				ASSETCATALOG_COMPILER_APPICON_NAME = AppIcon;
				CODE_SIGN_ENTITLEMENTS = HabitTracker/HabitTracker.entitlements;
				CODE_SIGN_IDENTITY = "iPhone Developer";
				CODE_SIGN_STYLE = Automatic;
				CURRENT_PROJECT_VERSION = 1;
				DEVELOPMENT_TEAM = LEFRQUV8R6;
				ENABLE_BITCODE = YES;
				FRAMEWORK_SEARCH_PATHS = (
					"$(inherited)",
					"$(PROJECT_DIR)",
				);
				INFOPLIST_FILE = HabitTracker/Info.plist;
				IPHONEOS_DEPLOYMENT_TARGET = 13.0;
				LD_RUNPATH_SEARCH_PATHS = (
					"$(inherited)",
					"@executable_path/Frameworks",
				);
				MARKETING_VERSION = 1.5.3;
				PRODUCT_BUNDLE_IDENTIFIER = com.mustafayuksel.HabitTracker;
				PRODUCT_NAME = "$(TARGET_NAME)";
				PROVISIONING_PROFILE_SPECIFIER = "";
				SWIFT_VERSION = 5.0;
				TARGETED_DEVICE_FAMILY = "1,2";
			};
			name = Debug;
		};
		453FF91522EB503D00214532 /* Release */ = {
			isa = XCBuildConfiguration;
			baseConfigurationReference = FB44F67FCF89E13DA80C8385 /* Pods-HabitTracker.release.xcconfig */;
			buildSettings = {
				ALWAYS_EMBED_SWIFT_STANDARD_LIBRARIES = YES;
				ASSETCATALOG_COMPILER_APPICON_NAME = AppIcon;
				CODE_SIGN_ENTITLEMENTS = HabitTracker/HabitTracker.entitlements;
				CODE_SIGN_IDENTITY = "iPhone Developer";
				CODE_SIGN_STYLE = Automatic;
				CURRENT_PROJECT_VERSION = 1;
				DEVELOPMENT_TEAM = LEFRQUV8R6;
				ENABLE_BITCODE = YES;
				FRAMEWORK_SEARCH_PATHS = (
					"$(inherited)",
					"$(PROJECT_DIR)",
				);
				INFOPLIST_FILE = HabitTracker/Info.plist;
				IPHONEOS_DEPLOYMENT_TARGET = 13.0;
				LD_RUNPATH_SEARCH_PATHS = (
					"$(inherited)",
					"@executable_path/Frameworks",
				);
				MARKETING_VERSION = 1.5.3;
				PRODUCT_BUNDLE_IDENTIFIER = com.mustafayuksel.HabitTracker;
				PRODUCT_NAME = "$(TARGET_NAME)";
				PROVISIONING_PROFILE_SPECIFIER = "";
				SWIFT_VERSION = 5.0;
				TARGETED_DEVICE_FAMILY = "1,2";
			};
			name = Release;
		};
		453FF92722EB50F600214532 /* Debug */ = {
			isa = XCBuildConfiguration;
			baseConfigurationReference = A1BCF4408208AD123269A0B0 /* Pods-HabitTracker-OneSignalNotificationServiceExtension.debug.xcconfig */;
			buildSettings = {
				CODE_SIGN_STYLE = Automatic;
				CURRENT_PROJECT_VERSION = 1;
				DEVELOPMENT_TEAM = LEFRQUV8R6;
				ENABLE_BITCODE = YES;
				INFOPLIST_FILE = OneSignal/Info.plist;
				IPHONEOS_DEPLOYMENT_TARGET = 13.0;
				LD_RUNPATH_SEARCH_PATHS = (
					"$(inherited)",
					"@executable_path/Frameworks",
					"@executable_path/../../Frameworks",
				);
				MARKETING_VERSION = 1.5.3;
				PRODUCT_BUNDLE_IDENTIFIER = com.mustafayuksel.HabitTracker.onesignal;
				PRODUCT_NAME = "$(TARGET_NAME)";
				SKIP_INSTALL = YES;
				SWIFT_VERSION = 5.0;
				TARGETED_DEVICE_FAMILY = "1,2";
			};
			name = Debug;
		};
		453FF92822EB50F600214532 /* Release */ = {
			isa = XCBuildConfiguration;
			baseConfigurationReference = 42864F86941A5B318A9D92F1 /* Pods-HabitTracker-OneSignalNotificationServiceExtension.release.xcconfig */;
			buildSettings = {
				CODE_SIGN_STYLE = Automatic;
				CURRENT_PROJECT_VERSION = 1;
				DEVELOPMENT_TEAM = LEFRQUV8R6;
				ENABLE_BITCODE = YES;
				INFOPLIST_FILE = OneSignal/Info.plist;
				IPHONEOS_DEPLOYMENT_TARGET = 13.0;
				LD_RUNPATH_SEARCH_PATHS = (
					"$(inherited)",
					"@executable_path/Frameworks",
					"@executable_path/../../Frameworks",
				);
				MARKETING_VERSION = 1.5.3;
				PRODUCT_BUNDLE_IDENTIFIER = com.mustafayuksel.HabitTracker.onesignal;
				PRODUCT_NAME = "$(TARGET_NAME)";
				SKIP_INSTALL = YES;
				SWIFT_VERSION = 5.0;
				TARGETED_DEVICE_FAMILY = "1,2";
			};
			name = Release;
		};
		455368BC230F2E7600DD2D77 /* Debug */ = {
			isa = XCBuildConfiguration;
			buildSettings = {
				BUNDLE_LOADER = "$(TEST_HOST)";
				CODE_SIGN_STYLE = Automatic;
				DEVELOPMENT_TEAM = LEFRQUV8R6;
				INFOPLIST_FILE = HabitTrackerTests/Info.plist;
				IPHONEOS_DEPLOYMENT_TARGET = 14.1;
				LD_RUNPATH_SEARCH_PATHS = (
					"$(inherited)",
					"@executable_path/Frameworks",
					"@loader_path/Frameworks",
				);
				PRODUCT_BUNDLE_IDENTIFIER = com.mustafayuksel.HabitTrackerTests;
				PRODUCT_NAME = "$(TARGET_NAME)";
				SWIFT_VERSION = 5.0;
				TARGETED_DEVICE_FAMILY = "1,2";
				TEST_HOST = "$(BUILT_PRODUCTS_DIR)/HabitTracker.app/HabitTracker";
			};
			name = Debug;
		};
		455368BD230F2E7600DD2D77 /* Release */ = {
			isa = XCBuildConfiguration;
			buildSettings = {
				BUNDLE_LOADER = "$(TEST_HOST)";
				CODE_SIGN_STYLE = Automatic;
				DEVELOPMENT_TEAM = LEFRQUV8R6;
				INFOPLIST_FILE = HabitTrackerTests/Info.plist;
				IPHONEOS_DEPLOYMENT_TARGET = 14.1;
				LD_RUNPATH_SEARCH_PATHS = (
					"$(inherited)",
					"@executable_path/Frameworks",
					"@loader_path/Frameworks",
				);
				PRODUCT_BUNDLE_IDENTIFIER = com.mustafayuksel.HabitTrackerTests;
				PRODUCT_NAME = "$(TARGET_NAME)";
				SWIFT_VERSION = 5.0;
				TARGETED_DEVICE_FAMILY = "1,2";
				TEST_HOST = "$(BUILT_PRODUCTS_DIR)/HabitTracker.app/HabitTracker";
			};
			name = Release;
		};
		45B523BE2309E29500089212 /* Debug */ = {
			isa = XCBuildConfiguration;
			buildSettings = {
				CODE_SIGN_ENTITLEMENTS = widget/widget.entitlements;
				CODE_SIGN_IDENTITY = "iPhone Developer";
				CODE_SIGN_STYLE = Automatic;
				CURRENT_PROJECT_VERSION = 1;
				DEVELOPMENT_TEAM = LEFRQUV8R6;
				INFOPLIST_FILE = widget/Info.plist;
				IPHONEOS_DEPLOYMENT_TARGET = 13.0;
				LD_RUNPATH_SEARCH_PATHS = (
					"$(inherited)",
					"@executable_path/Frameworks",
					"@executable_path/../../Frameworks",
				);
				MARKETING_VERSION = 1.5.3;
				PRODUCT_BUNDLE_IDENTIFIER = com.mustafayuksel.HabitTracker.widget;
				PRODUCT_NAME = "$(TARGET_NAME)";
				PROVISIONING_PROFILE_SPECIFIER = "";
				SKIP_INSTALL = YES;
				SWIFT_VERSION = 5.0;
				TARGETED_DEVICE_FAMILY = "1,2";
			};
			name = Debug;
		};
		45B523BF2309E29500089212 /* Release */ = {
			isa = XCBuildConfiguration;
			buildSettings = {
				CODE_SIGN_ENTITLEMENTS = widget/widget.entitlements;
				CODE_SIGN_IDENTITY = "iPhone Developer";
				CODE_SIGN_STYLE = Automatic;
				CURRENT_PROJECT_VERSION = 1;
				DEVELOPMENT_TEAM = LEFRQUV8R6;
				INFOPLIST_FILE = widget/Info.plist;
				IPHONEOS_DEPLOYMENT_TARGET = 13.0;
				LD_RUNPATH_SEARCH_PATHS = (
					"$(inherited)",
					"@executable_path/Frameworks",
					"@executable_path/../../Frameworks",
				);
				MARKETING_VERSION = 1.5.3;
				PRODUCT_BUNDLE_IDENTIFIER = com.mustafayuksel.HabitTracker.widget;
				PRODUCT_NAME = "$(TARGET_NAME)";
				PROVISIONING_PROFILE_SPECIFIER = "";
				SKIP_INSTALL = YES;
				SWIFT_VERSION = 5.0;
				TARGETED_DEVICE_FAMILY = "1,2";
			};
			name = Release;
		};
/* End XCBuildConfiguration section */

/* Begin XCConfigurationList section */
		453FF8F922EB503C00214532 /* Build configuration list for PBXProject "HabitTracker" */ = {
			isa = XCConfigurationList;
			buildConfigurations = (
				453FF91122EB503D00214532 /* Debug */,
				453FF91222EB503D00214532 /* Release */,
			);
			defaultConfigurationIsVisible = 0;
			defaultConfigurationName = Release;
		};
		453FF91322EB503D00214532 /* Build configuration list for PBXNativeTarget "HabitTracker" */ = {
			isa = XCConfigurationList;
			buildConfigurations = (
				453FF91422EB503D00214532 /* Debug */,
				453FF91522EB503D00214532 /* Release */,
			);
			defaultConfigurationIsVisible = 0;
			defaultConfigurationName = Release;
		};
		453FF92622EB50F600214532 /* Build configuration list for PBXNativeTarget "OneSignalNotificationServiceExtension" */ = {
			isa = XCConfigurationList;
			buildConfigurations = (
				453FF92722EB50F600214532 /* Debug */,
				453FF92822EB50F600214532 /* Release */,
			);
			defaultConfigurationIsVisible = 0;
			defaultConfigurationName = Release;
		};
		455368BB230F2E7600DD2D77 /* Build configuration list for PBXNativeTarget "HabitTrackerTests" */ = {
			isa = XCConfigurationList;
			buildConfigurations = (
				455368BC230F2E7600DD2D77 /* Debug */,
				455368BD230F2E7600DD2D77 /* Release */,
			);
			defaultConfigurationIsVisible = 0;
			defaultConfigurationName = Release;
		};
		45B523C02309E29500089212 /* Build configuration list for PBXNativeTarget "widget" */ = {
			isa = XCConfigurationList;
			buildConfigurations = (
				45B523BE2309E29500089212 /* Debug */,
				45B523BF2309E29500089212 /* Release */,
			);
			defaultConfigurationIsVisible = 0;
			defaultConfigurationName = Release;
		};
/* End XCConfigurationList section */

/* Begin XCVersionGroup section */
		453FF90822EB503C00214532 /* HabitTracker.xcdatamodeld */ = {
			isa = XCVersionGroup;
			children = (
				453FF90922EB503C00214532 /* HabitTracker.xcdatamodel */,
			);
			currentVersion = 453FF90922EB503C00214532 /* HabitTracker.xcdatamodel */;
			path = HabitTracker.xcdatamodeld;
			sourceTree = "<group>";
			versionGroupType = wrapper.xcdatamodel;
		};
/* End XCVersionGroup section */
	};
	rootObject = 453FF8F622EB503C00214532 /* Project object */;
}
